
Microsoft Visual Studio Solution File, Format Version 12.00
# Visual Studio 14
VisualStudioVersion = 14.0.24720.0
MinimumVisualStudioVersion = 10.0.40219.1
Project("{FAE04EC0-301F-11D3-BF4B-00C04F79EFBC}") = "JQClientTools", "JQClientTools\JQClientTools.csproj", "{D66EF9B5-0CBA-4E90-B80E-E8E61930EF05}"
EndProject
Project("{FAE04EC0-301F-11D3-BF4B-00C04F79EFBC}") = "JQMobileTools", "JQMobileTools\JQMobileTools.csproj", "{CA77927F-2EA3-4C23-AF16-5B1CD53271AD}"
EndProject
Project("{FAE04EC0-301F-11D3-BF4B-00C04F79EFBC}") = "EFBase", "EFBase\EFBase.csproj", "{592F3429-D35C-47BB-A631-EA17F58B5046}"
EndProject
Project("{FAE04EC0-301F-11D3-BF4B-00C04F79EFBC}") = "EFGlobalModule", "EFGlobalModule\EFGlobalModule.csproj", "{C2EC7BAD-6B05-4764-8356-BFFCF8B21D03}"
EndProject
Project("{FAE04EC0-301F-11D3-BF4B-00C04F79EFBC}") = "EFClientTools", "EFClientTools\EFClientTools.csproj", "{E09E8259-7E2D-4490-9C9F-469A19CAF1A7}"
EndProject
Project("{FAE04EC0-301F-11D3-BF4B-00C04F79EFBC}") = "EFWCFModule", "EFWCFModule\EFWCFModule.csproj", "{D1DCAC53-1E65-4229-B38E-14CA3CE1626D}"
EndProject
Project("{FAE04EC0-301F-11D3-BF4B-00C04F79EFBC}") = "Srvtools", "Srvtools\Srvtools.csproj", "{09DC65FB-9FF8-44B5-8750-D89C32E823F8}"
EndProject
Project("{E24C65DC-7377-472B-9ABA-BC803B73C61A}") = "JQWebClient", "JQWebClient", "{85542028-DE0E-4C9D-A53E-D932D6DDE329}"
	ProjectSection(WebsiteProperties) = preProject
		TargetFrameworkMoniker = ".NETFramework,Version%3Dv4.0"
		ProjectReferences = "{ca77927f-2ea3-4c23-af16-5b1cd53271ad}|JQMobileTools.dll;{592F3429-D35C-47BB-A631-EA17F58B5046}|EFBase.dll;{E09E8259-7E2D-4490-9C9F-469A19CAF1A7}|EFClientTools.dll;{d66ef9b5-0cba-4e90-b80e-e8e61930ef05}|JQClientTools.dll;{09DC65FB-9FF8-44B5-8750-D89C32E823F8}|Srvtools.dll;"
		Debug.AspNetCompiler.VirtualPath = "/localhost_50315"
		Debug.AspNetCompiler.PhysicalPath = "JQWebClient\"
		Debug.AspNetCompiler.TargetPath = "PrecompiledWeb\localhost_50315\"
		Debug.AspNetCompiler.Updateable = "true"
		Debug.AspNetCompiler.ForceOverwrite = "true"
		Debug.AspNetCompiler.FixedNames = "false"
		Debug.AspNetCompiler.Debug = "True"
		Release.AspNetCompiler.VirtualPath = "/localhost_50315"
		Release.AspNetCompiler.PhysicalPath = "JQWebClient\"
		Release.AspNetCompiler.TargetPath = "PrecompiledWeb\localhost_50315\"
		Release.AspNetCompiler.Updateable = "true"
		Release.AspNetCompiler.ForceOverwrite = "true"
		Release.AspNetCompiler.FixedNames = "false"
		Release.AspNetCompiler.Debug = "False"
		VWDPort = "50315"
		SlnRelativePath = "JQWebClient\"
	EndProjectSection
EndProject
Project("{FAE04EC0-301F-11D3-BF4B-00C04F79EFBC}") = "MWizard2015", "MWizard2015\MWizard2015.csproj", "{3DB0BB08-8BC5-4F96-B45F-0E1E5BE7E0EE}"
EndProject
Project("{FAE04EC0-301F-11D3-BF4B-00C04F79EFBC}") = "InitEEP", "InitEEP2015\InitEEP.csproj", "{346FCBE8-C2D8-4F2D-A1F4-B204E5A14363}"
EndProject
Project("{FAE04EC0-301F-11D3-BF4B-00C04F79EFBC}") = "EEPNetServer", "EEPNetServer\EEPNetServer.csproj", "{8FB50056-BE3B-4F6B-AA82-45958CABE0F7}"
EndProject
Project("{FAE04EC0-301F-11D3-BF4B-00C04F79EFBC}") = "EEPManager", "EEPManager\EEPManager.csproj", "{EFF71730-9FE1-44DF-9975-6F38C2DBFF19}"
EndProject
Project("{FAE04EC0-301F-11D3-BF4B-00C04F79EFBC}") = "EEPNetClient", "EEPNetClient\EEPNetClient.csproj", "{F48D7687-D6C9-49E0-86E6-BA40EB131CBA}"
EndProject
Project("{FAE04EC0-301F-11D3-BF4B-00C04F79EFBC}") = "EFDesign", "EFDesign\EFDesign.csproj", "{D19D7D19-D95E-41F4-827D-4B59EC0E67D9}"
EndProject
Project("{FAE04EC0-301F-11D3-BF4B-00C04F79EFBC}") = "AjaxTools", "AjaxTools\AjaxTools.csproj", "{B0414504-6DF6-428F-BE05-B2B727CA4826}"
EndProject
Project("{FAE04EC0-301F-11D3-BF4B-00C04F79EFBC}") = "ChartTools", "ChartTools\ChartTools.csproj", "{F818D213-E87A-401D-AAB0-CD0F1A1F0C77}"
EndProject
Project("{FAE04EC0-301F-11D3-BF4B-00C04F79EFBC}") = "EasilyReport", "EasilyReport\EasilyReport.csproj", "{C9A7B912-B5CD-436F-BFE7-66D78A947DC3}"
EndProject
Project("{FAE04EC0-301F-11D3-BF4B-00C04F79EFBC}") = "EFServerTools", "EFServerTools\EFServerTools.csproj", "{9FAEA2B6-547A-4CFA-A16A-750421952430}"
EndProject
Project("{FAE04EC0-301F-11D3-BF4B-00C04F79EFBC}") = "GLModule", "GLModule\GLModule.csproj", "{9C6A6F69-E9BA-4907-BAEE-F8A5B4AB222D}"
EndProject
Project("{FAE04EC0-301F-11D3-BF4B-00C04F79EFBC}") = "JQChartTools", "JQChartTools\JQChartTools.csproj", "{C00C8684-5D18-49AD-B87A-A59F35D7C637}"
EndProject
Project("{FAE04EC0-301F-11D3-BF4B-00C04F79EFBC}") = "Scheduling", "Scheduling\Scheduling.csproj", "{ACBFEAEC-9512-4F10-9389-55704F5C552F}"
EndProject
Project("{FAE04EC0-301F-11D3-BF4B-00C04F79EFBC}") = "sRT101", "Solution1\sRT101\sRT101.csproj", "{9BEB9D68-0FC1-4A86-8EC7-15F36BDBE829}"
EndProject
Global
	GlobalSection(SolutionConfigurationPlatforms) = preSolution
		Debug|Android = Debug|Android
		Debug|Any CPU = Debug|Any CPU
		Debug|iOS = Debug|iOS
		Debug|Windows Phone (Universal) = Debug|Windows Phone (Universal)
		Debug|Windows Phone 8 = Debug|Windows Phone 8
		Debug|Windows-AnyCPU = Debug|Windows-AnyCPU
		Debug|Windows-ARM = Debug|Windows-ARM
		Debug|Windows-x64 = Debug|Windows-x64
		Debug|Windows-x86 = Debug|Windows-x86
		Release|Android = Release|Android
		Release|Any CPU = Release|Any CPU
		Release|iOS = Release|iOS
		Release|Windows Phone (Universal) = Release|Windows Phone (Universal)
		Release|Windows Phone 8 = Release|Windows Phone 8
		Release|Windows-AnyCPU = Release|Windows-AnyCPU
		Release|Windows-ARM = Release|Windows-ARM
		Release|Windows-x64 = Release|Windows-x64
		Release|Windows-x86 = Release|Windows-x86
	EndGlobalSection
	GlobalSection(ProjectConfigurationPlatforms) = postSolution
		{D66EF9B5-0CBA-4E90-B80E-E8E61930EF05}.Debug|Android.ActiveCfg = Debug|Any CPU
		{D66EF9B5-0CBA-4E90-B80E-E8E61930EF05}.Debug|Android.Build.0 = Debug|Any CPU
		{D66EF9B5-0CBA-4E90-B80E-E8E61930EF05}.Debug|Any CPU.ActiveCfg = Debug|Any CPU
		{D66EF9B5-0CBA-4E90-B80E-E8E61930EF05}.Debug|Any CPU.Build.0 = Debug|Any CPU
		{D66EF9B5-0CBA-4E90-B80E-E8E61930EF05}.Debug|iOS.ActiveCfg = Debug|Any CPU
		{D66EF9B5-0CBA-4E90-B80E-E8E61930EF05}.Debug|iOS.Build.0 = Debug|Any CPU
		{D66EF9B5-0CBA-4E90-B80E-E8E61930EF05}.Debug|Windows Phone (Universal).ActiveCfg = Debug|Any CPU
		{D66EF9B5-0CBA-4E90-B80E-E8E61930EF05}.Debug|Windows Phone (Universal).Build.0 = Debug|Any CPU
		{D66EF9B5-0CBA-4E90-B80E-E8E61930EF05}.Debug|Windows Phone 8.ActiveCfg = Debug|Any CPU
		{D66EF9B5-0CBA-4E90-B80E-E8E61930EF05}.Debug|Windows Phone 8.Build.0 = Debug|Any CPU
		{D66EF9B5-0CBA-4E90-B80E-E8E61930EF05}.Debug|Windows-AnyCPU.ActiveCfg = Debug|Any CPU
		{D66EF9B5-0CBA-4E90-B80E-E8E61930EF05}.Debug|Windows-AnyCPU.Build.0 = Debug|Any CPU
		{D66EF9B5-0CBA-4E90-B80E-E8E61930EF05}.Debug|Windows-ARM.ActiveCfg = Debug|Any CPU
		{D66EF9B5-0CBA-4E90-B80E-E8E61930EF05}.Debug|Windows-ARM.Build.0 = Debug|Any CPU
		{D66EF9B5-0CBA-4E90-B80E-E8E61930EF05}.Debug|Windows-x64.ActiveCfg = Debug|Any CPU
		{D66EF9B5-0CBA-4E90-B80E-E8E61930EF05}.Debug|Windows-x64.Build.0 = Debug|Any CPU
		{D66EF9B5-0CBA-4E90-B80E-E8E61930EF05}.Debug|Windows-x86.ActiveCfg = Debug|Any CPU
		{D66EF9B5-0CBA-4E90-B80E-E8E61930EF05}.Debug|Windows-x86.Build.0 = Debug|Any CPU
		{D66EF9B5-0CBA-4E90-B80E-E8E61930EF05}.Release|Android.ActiveCfg = Release|Any CPU
		{D66EF9B5-0CBA-4E90-B80E-E8E61930EF05}.Release|Android.Build.0 = Release|Any CPU
		{D66EF9B5-0CBA-4E90-B80E-E8E61930EF05}.Release|Any CPU.ActiveCfg = Release|Any CPU
		{D66EF9B5-0CBA-4E90-B80E-E8E61930EF05}.Release|Any CPU.Build.0 = Release|Any CPU
		{D66EF9B5-0CBA-4E90-B80E-E8E61930EF05}.Release|iOS.ActiveCfg = Release|Any CPU
		{D66EF9B5-0CBA-4E90-B80E-E8E61930EF05}.Release|iOS.Build.0 = Release|Any CPU
		{D66EF9B5-0CBA-4E90-B80E-E8E61930EF05}.Release|Windows Phone (Universal).ActiveCfg = Release|Any CPU
		{D66EF9B5-0CBA-4E90-B80E-E8E61930EF05}.Release|Windows Phone (Universal).Build.0 = Release|Any CPU
		{D66EF9B5-0CBA-4E90-B80E-E8E61930EF05}.Release|Windows Phone 8.ActiveCfg = Release|Any CPU
		{D66EF9B5-0CBA-4E90-B80E-E8E61930EF05}.Release|Windows Phone 8.Build.0 = Release|Any CPU
		{D66EF9B5-0CBA-4E90-B80E-E8E61930EF05}.Release|Windows-AnyCPU.ActiveCfg = Release|Any CPU
		{D66EF9B5-0CBA-4E90-B80E-E8E61930EF05}.Release|Windows-AnyCPU.Build.0 = Release|Any CPU
		{D66EF9B5-0CBA-4E90-B80E-E8E61930EF05}.Release|Windows-ARM.ActiveCfg = Release|Any CPU
		{D66EF9B5-0CBA-4E90-B80E-E8E61930EF05}.Release|Windows-ARM.Build.0 = Release|Any CPU
		{D66EF9B5-0CBA-4E90-B80E-E8E61930EF05}.Release|Windows-x64.ActiveCfg = Release|Any CPU
		{D66EF9B5-0CBA-4E90-B80E-E8E61930EF05}.Release|Windows-x64.Build.0 = Release|Any CPU
		{D66EF9B5-0CBA-4E90-B80E-E8E61930EF05}.Release|Windows-x86.ActiveCfg = Release|Any CPU
		{D66EF9B5-0CBA-4E90-B80E-E8E61930EF05}.Release|Windows-x86.Build.0 = Release|Any CPU
		{CA77927F-2EA3-4C23-AF16-5B1CD53271AD}.Debug|Android.ActiveCfg = Debug|Any CPU
		{CA77927F-2EA3-4C23-AF16-5B1CD53271AD}.Debug|Android.Build.0 = Debug|Any CPU
		{CA77927F-2EA3-4C23-AF16-5B1CD53271AD}.Debug|Any CPU.ActiveCfg = Debug|Any CPU
		{CA77927F-2EA3-4C23-AF16-5B1CD53271AD}.Debug|Any CPU.Build.0 = Debug|Any CPU
		{CA77927F-2EA3-4C23-AF16-5B1CD53271AD}.Debug|iOS.ActiveCfg = Debug|Any CPU
		{CA77927F-2EA3-4C23-AF16-5B1CD53271AD}.Debug|iOS.Build.0 = Debug|Any CPU
		{CA77927F-2EA3-4C23-AF16-5B1CD53271AD}.Debug|Windows Phone (Universal).ActiveCfg = Debug|Any CPU
		{CA77927F-2EA3-4C23-AF16-5B1CD53271AD}.Debug|Windows Phone (Universal).Build.0 = Debug|Any CPU
		{CA77927F-2EA3-4C23-AF16-5B1CD53271AD}.Debug|Windows Phone 8.ActiveCfg = Debug|Any CPU
		{CA77927F-2EA3-4C23-AF16-5B1CD53271AD}.Debug|Windows Phone 8.Build.0 = Debug|Any CPU
		{CA77927F-2EA3-4C23-AF16-5B1CD53271AD}.Debug|Windows-AnyCPU.ActiveCfg = Debug|Any CPU
		{CA77927F-2EA3-4C23-AF16-5B1CD53271AD}.Debug|Windows-AnyCPU.Build.0 = Debug|Any CPU
		{CA77927F-2EA3-4C23-AF16-5B1CD53271AD}.Debug|Windows-ARM.ActiveCfg = Debug|Any CPU
		{CA77927F-2EA3-4C23-AF16-5B1CD53271AD}.Debug|Windows-ARM.Build.0 = Debug|Any CPU
		{CA77927F-2EA3-4C23-AF16-5B1CD53271AD}.Debug|Windows-x64.ActiveCfg = Debug|Any CPU
		{CA77927F-2EA3-4C23-AF16-5B1CD53271AD}.Debug|Windows-x64.Build.0 = Debug|Any CPU
		{CA77927F-2EA3-4C23-AF16-5B1CD53271AD}.Debug|Windows-x86.ActiveCfg = Debug|Any CPU
		{CA77927F-2EA3-4C23-AF16-5B1CD53271AD}.Debug|Windows-x86.Build.0 = Debug|Any CPU
		{CA77927F-2EA3-4C23-AF16-5B1CD53271AD}.Release|Android.ActiveCfg = Release|Any CPU
		{CA77927F-2EA3-4C23-AF16-5B1CD53271AD}.Release|Android.Build.0 = Release|Any CPU
		{CA77927F-2EA3-4C23-AF16-5B1CD53271AD}.Release|Any CPU.ActiveCfg = Release|Any CPU
		{CA77927F-2EA3-4C23-AF16-5B1CD53271AD}.Release|Any CPU.Build.0 = Release|Any CPU
		{CA77927F-2EA3-4C23-AF16-5B1CD53271AD}.Release|iOS.ActiveCfg = Release|Any CPU
		{CA77927F-2EA3-4C23-AF16-5B1CD53271AD}.Release|iOS.Build.0 = Release|Any CPU
		{CA77927F-2EA3-4C23-AF16-5B1CD53271AD}.Release|Windows Phone (Universal).ActiveCfg = Release|Any CPU
		{CA77927F-2EA3-4C23-AF16-5B1CD53271AD}.Release|Windows Phone (Universal).Build.0 = Release|Any CPU
		{CA77927F-2EA3-4C23-AF16-5B1CD53271AD}.Release|Windows Phone 8.ActiveCfg = Release|Any CPU
		{CA77927F-2EA3-4C23-AF16-5B1CD53271AD}.Release|Windows Phone 8.Build.0 = Release|Any CPU
		{CA77927F-2EA3-4C23-AF16-5B1CD53271AD}.Release|Windows-AnyCPU.ActiveCfg = Release|Any CPU
		{CA77927F-2EA3-4C23-AF16-5B1CD53271AD}.Release|Windows-AnyCPU.Build.0 = Release|Any CPU
		{CA77927F-2EA3-4C23-AF16-5B1CD53271AD}.Release|Windows-ARM.ActiveCfg = Release|Any CPU
		{CA77927F-2EA3-4C23-AF16-5B1CD53271AD}.Release|Windows-ARM.Build.0 = Release|Any CPU
		{CA77927F-2EA3-4C23-AF16-5B1CD53271AD}.Release|Windows-x64.ActiveCfg = Release|Any CPU
		{CA77927F-2EA3-4C23-AF16-5B1CD53271AD}.Release|Windows-x64.Build.0 = Release|Any CPU
		{CA77927F-2EA3-4C23-AF16-5B1CD53271AD}.Release|Windows-x86.ActiveCfg = Release|Any CPU
		{CA77927F-2EA3-4C23-AF16-5B1CD53271AD}.Release|Windows-x86.Build.0 = Release|Any CPU
		{592F3429-D35C-47BB-A631-EA17F58B5046}.Debug|Android.ActiveCfg = Debug|Any CPU
		{592F3429-D35C-47BB-A631-EA17F58B5046}.Debug|Android.Build.0 = Debug|Any CPU
		{592F3429-D35C-47BB-A631-EA17F58B5046}.Debug|Any CPU.ActiveCfg = Debug|Any CPU
		{592F3429-D35C-47BB-A631-EA17F58B5046}.Debug|Any CPU.Build.0 = Debug|Any CPU
		{592F3429-D35C-47BB-A631-EA17F58B5046}.Debug|iOS.ActiveCfg = Debug|Any CPU
		{592F3429-D35C-47BB-A631-EA17F58B5046}.Debug|iOS.Build.0 = Debug|Any CPU
		{592F3429-D35C-47BB-A631-EA17F58B5046}.Debug|Windows Phone (Universal).ActiveCfg = Debug|Any CPU
		{592F3429-D35C-47BB-A631-EA17F58B5046}.Debug|Windows Phone (Universal).Build.0 = Debug|Any CPU
		{592F3429-D35C-47BB-A631-EA17F58B5046}.Debug|Windows Phone 8.ActiveCfg = Debug|Any CPU
		{592F3429-D35C-47BB-A631-EA17F58B5046}.Debug|Windows Phone 8.Build.0 = Debug|Any CPU
		{592F3429-D35C-47BB-A631-EA17F58B5046}.Debug|Windows-AnyCPU.ActiveCfg = Debug|Any CPU
		{592F3429-D35C-47BB-A631-EA17F58B5046}.Debug|Windows-AnyCPU.Build.0 = Debug|Any CPU
		{592F3429-D35C-47BB-A631-EA17F58B5046}.Debug|Windows-ARM.ActiveCfg = Debug|Any CPU
		{592F3429-D35C-47BB-A631-EA17F58B5046}.Debug|Windows-ARM.Build.0 = Debug|Any CPU
		{592F3429-D35C-47BB-A631-EA17F58B5046}.Debug|Windows-x64.ActiveCfg = Debug|Any CPU
		{592F3429-D35C-47BB-A631-EA17F58B5046}.Debug|Windows-x64.Build.0 = Debug|Any CPU
		{592F3429-D35C-47BB-A631-EA17F58B5046}.Debug|Windows-x86.ActiveCfg = Debug|Any CPU
		{592F3429-D35C-47BB-A631-EA17F58B5046}.Debug|Windows-x86.Build.0 = Debug|Any CPU
		{592F3429-D35C-47BB-A631-EA17F58B5046}.Release|Android.ActiveCfg = Release|Any CPU
		{592F3429-D35C-47BB-A631-EA17F58B5046}.Release|Android.Build.0 = Release|Any CPU
		{592F3429-D35C-47BB-A631-EA17F58B5046}.Release|Any CPU.ActiveCfg = Release|Any CPU
		{592F3429-D35C-47BB-A631-EA17F58B5046}.Release|Any CPU.Build.0 = Release|Any CPU
		{592F3429-D35C-47BB-A631-EA17F58B5046}.Release|iOS.ActiveCfg = Release|Any CPU
		{592F3429-D35C-47BB-A631-EA17F58B5046}.Release|iOS.Build.0 = Release|Any CPU
		{592F3429-D35C-47BB-A631-EA17F58B5046}.Release|Windows Phone (Universal).ActiveCfg = Release|Any CPU
		{592F3429-D35C-47BB-A631-EA17F58B5046}.Release|Windows Phone (Universal).Build.0 = Release|Any CPU
		{592F3429-D35C-47BB-A631-EA17F58B5046}.Release|Windows Phone 8.ActiveCfg = Release|Any CPU
		{592F3429-D35C-47BB-A631-EA17F58B5046}.Release|Windows Phone 8.Build.0 = Release|Any CPU
		{592F3429-D35C-47BB-A631-EA17F58B5046}.Release|Windows-AnyCPU.ActiveCfg = Release|Any CPU
		{592F3429-D35C-47BB-A631-EA17F58B5046}.Release|Windows-AnyCPU.Build.0 = Release|Any CPU
		{592F3429-D35C-47BB-A631-EA17F58B5046}.Release|Windows-ARM.ActiveCfg = Release|Any CPU
		{592F3429-D35C-47BB-A631-EA17F58B5046}.Release|Windows-ARM.Build.0 = Release|Any CPU
		{592F3429-D35C-47BB-A631-EA17F58B5046}.Release|Windows-x64.ActiveCfg = Release|Any CPU
		{592F3429-D35C-47BB-A631-EA17F58B5046}.Release|Windows-x64.Build.0 = Release|Any CPU
		{592F3429-D35C-47BB-A631-EA17F58B5046}.Release|Windows-x86.ActiveCfg = Release|Any CPU
		{592F3429-D35C-47BB-A631-EA17F58B5046}.Release|Windows-x86.Build.0 = Release|Any CPU
		{C2EC7BAD-6B05-4764-8356-BFFCF8B21D03}.Debug|Android.ActiveCfg = Debug|Any CPU
		{C2EC7BAD-6B05-4764-8356-BFFCF8B21D03}.Debug|Android.Build.0 = Debug|Any CPU
		{C2EC7BAD-6B05-4764-8356-BFFCF8B21D03}.Debug|Any CPU.ActiveCfg = Debug|Any CPU
		{C2EC7BAD-6B05-4764-8356-BFFCF8B21D03}.Debug|Any CPU.Build.0 = Debug|Any CPU
		{C2EC7BAD-6B05-4764-8356-BFFCF8B21D03}.Debug|iOS.ActiveCfg = Debug|Any CPU
		{C2EC7BAD-6B05-4764-8356-BFFCF8B21D03}.Debug|iOS.Build.0 = Debug|Any CPU
		{C2EC7BAD-6B05-4764-8356-BFFCF8B21D03}.Debug|Windows Phone (Universal).ActiveCfg = Debug|Any CPU
		{C2EC7BAD-6B05-4764-8356-BFFCF8B21D03}.Debug|Windows Phone (Universal).Build.0 = Debug|Any CPU
		{C2EC7BAD-6B05-4764-8356-BFFCF8B21D03}.Debug|Windows Phone 8.ActiveCfg = Debug|Any CPU
		{C2EC7BAD-6B05-4764-8356-BFFCF8B21D03}.Debug|Windows Phone 8.Build.0 = Debug|Any CPU
		{C2EC7BAD-6B05-4764-8356-BFFCF8B21D03}.Debug|Windows-AnyCPU.ActiveCfg = Debug|Any CPU
		{C2EC7BAD-6B05-4764-8356-BFFCF8B21D03}.Debug|Windows-AnyCPU.Build.0 = Debug|Any CPU
		{C2EC7BAD-6B05-4764-8356-BFFCF8B21D03}.Debug|Windows-ARM.ActiveCfg = Debug|Any CPU
		{C2EC7BAD-6B05-4764-8356-BFFCF8B21D03}.Debug|Windows-ARM.Build.0 = Debug|Any CPU
		{C2EC7BAD-6B05-4764-8356-BFFCF8B21D03}.Debug|Windows-x64.ActiveCfg = Debug|Any CPU
		{C2EC7BAD-6B05-4764-8356-BFFCF8B21D03}.Debug|Windows-x64.Build.0 = Debug|Any CPU
		{C2EC7BAD-6B05-4764-8356-BFFCF8B21D03}.Debug|Windows-x86.ActiveCfg = Debug|Any CPU
		{C2EC7BAD-6B05-4764-8356-BFFCF8B21D03}.Debug|Windows-x86.Build.0 = Debug|Any CPU
		{C2EC7BAD-6B05-4764-8356-BFFCF8B21D03}.Release|Android.ActiveCfg = Release|Any CPU
		{C2EC7BAD-6B05-4764-8356-BFFCF8B21D03}.Release|Android.Build.0 = Release|Any CPU
		{C2EC7BAD-6B05-4764-8356-BFFCF8B21D03}.Release|Any CPU.ActiveCfg = Release|Any CPU
		{C2EC7BAD-6B05-4764-8356-BFFCF8B21D03}.Release|Any CPU.Build.0 = Release|Any CPU
		{C2EC7BAD-6B05-4764-8356-BFFCF8B21D03}.Release|iOS.ActiveCfg = Release|Any CPU
		{C2EC7BAD-6B05-4764-8356-BFFCF8B21D03}.Release|iOS.Build.0 = Release|Any CPU
		{C2EC7BAD-6B05-4764-8356-BFFCF8B21D03}.Release|Windows Phone (Universal).ActiveCfg = Release|Any CPU
		{C2EC7BAD-6B05-4764-8356-BFFCF8B21D03}.Release|Windows Phone (Universal).Build.0 = Release|Any CPU
		{C2EC7BAD-6B05-4764-8356-BFFCF8B21D03}.Release|Windows Phone 8.ActiveCfg = Release|Any CPU
		{C2EC7BAD-6B05-4764-8356-BFFCF8B21D03}.Release|Windows Phone 8.Build.0 = Release|Any CPU
		{C2EC7BAD-6B05-4764-8356-BFFCF8B21D03}.Release|Windows-AnyCPU.ActiveCfg = Release|Any CPU
		{C2EC7BAD-6B05-4764-8356-BFFCF8B21D03}.Release|Windows-AnyCPU.Build.0 = Release|Any CPU
		{C2EC7BAD-6B05-4764-8356-BFFCF8B21D03}.Release|Windows-ARM.ActiveCfg = Release|Any CPU
		{C2EC7BAD-6B05-4764-8356-BFFCF8B21D03}.Release|Windows-ARM.Build.0 = Release|Any CPU
		{C2EC7BAD-6B05-4764-8356-BFFCF8B21D03}.Release|Windows-x64.ActiveCfg = Release|Any CPU
		{C2EC7BAD-6B05-4764-8356-BFFCF8B21D03}.Release|Windows-x64.Build.0 = Release|Any CPU
		{C2EC7BAD-6B05-4764-8356-BFFCF8B21D03}.Release|Windows-x86.ActiveCfg = Release|Any CPU
		{C2EC7BAD-6B05-4764-8356-BFFCF8B21D03}.Release|Windows-x86.Build.0 = Release|Any CPU
		{E09E8259-7E2D-4490-9C9F-469A19CAF1A7}.Debug|Android.ActiveCfg = Debug|Any CPU
		{E09E8259-7E2D-4490-9C9F-469A19CAF1A7}.Debug|Android.Build.0 = Debug|Any CPU
		{E09E8259-7E2D-4490-9C9F-469A19CAF1A7}.Debug|Any CPU.ActiveCfg = Debug|Any CPU
		{E09E8259-7E2D-4490-9C9F-469A19CAF1A7}.Debug|Any CPU.Build.0 = Debug|Any CPU
		{E09E8259-7E2D-4490-9C9F-469A19CAF1A7}.Debug|iOS.ActiveCfg = Debug|Any CPU
		{E09E8259-7E2D-4490-9C9F-469A19CAF1A7}.Debug|iOS.Build.0 = Debug|Any CPU
		{E09E8259-7E2D-4490-9C9F-469A19CAF1A7}.Debug|Windows Phone (Universal).ActiveCfg = Debug|Any CPU
		{E09E8259-7E2D-4490-9C9F-469A19CAF1A7}.Debug|Windows Phone (Universal).Build.0 = Debug|Any CPU
		{E09E8259-7E2D-4490-9C9F-469A19CAF1A7}.Debug|Windows Phone 8.ActiveCfg = Debug|Any CPU
		{E09E8259-7E2D-4490-9C9F-469A19CAF1A7}.Debug|Windows Phone 8.Build.0 = Debug|Any CPU
		{E09E8259-7E2D-4490-9C9F-469A19CAF1A7}.Debug|Windows-AnyCPU.ActiveCfg = Debug|Any CPU
		{E09E8259-7E2D-4490-9C9F-469A19CAF1A7}.Debug|Windows-AnyCPU.Build.0 = Debug|Any CPU
		{E09E8259-7E2D-4490-9C9F-469A19CAF1A7}.Debug|Windows-ARM.ActiveCfg = Debug|Any CPU
		{E09E8259-7E2D-4490-9C9F-469A19CAF1A7}.Debug|Windows-ARM.Build.0 = Debug|Any CPU
		{E09E8259-7E2D-4490-9C9F-469A19CAF1A7}.Debug|Windows-x64.ActiveCfg = Debug|Any CPU
		{E09E8259-7E2D-4490-9C9F-469A19CAF1A7}.Debug|Windows-x64.Build.0 = Debug|Any CPU
		{E09E8259-7E2D-4490-9C9F-469A19CAF1A7}.Debug|Windows-x86.ActiveCfg = Debug|Any CPU
		{E09E8259-7E2D-4490-9C9F-469A19CAF1A7}.Debug|Windows-x86.Build.0 = Debug|Any CPU
		{E09E8259-7E2D-4490-9C9F-469A19CAF1A7}.Release|Android.ActiveCfg = Release|Any CPU
		{E09E8259-7E2D-4490-9C9F-469A19CAF1A7}.Release|Android.Build.0 = Release|Any CPU
		{E09E8259-7E2D-4490-9C9F-469A19CAF1A7}.Release|Any CPU.ActiveCfg = Release|Any CPU
		{E09E8259-7E2D-4490-9C9F-469A19CAF1A7}.Release|Any CPU.Build.0 = Release|Any CPU
		{E09E8259-7E2D-4490-9C9F-469A19CAF1A7}.Release|iOS.ActiveCfg = Release|Any CPU
		{E09E8259-7E2D-4490-9C9F-469A19CAF1A7}.Release|iOS.Build.0 = Release|Any CPU
		{E09E8259-7E2D-4490-9C9F-469A19CAF1A7}.Release|Windows Phone (Universal).ActiveCfg = Release|Any CPU
		{E09E8259-7E2D-4490-9C9F-469A19CAF1A7}.Release|Windows Phone (Universal).Build.0 = Release|Any CPU
		{E09E8259-7E2D-4490-9C9F-469A19CAF1A7}.Release|Windows Phone 8.ActiveCfg = Release|Any CPU
		{E09E8259-7E2D-4490-9C9F-469A19CAF1A7}.Release|Windows Phone 8.Build.0 = Release|Any CPU
		{E09E8259-7E2D-4490-9C9F-469A19CAF1A7}.Release|Windows-AnyCPU.ActiveCfg = Release|Any CPU
		{E09E8259-7E2D-4490-9C9F-469A19CAF1A7}.Release|Windows-AnyCPU.Build.0 = Release|Any CPU
		{E09E8259-7E2D-4490-9C9F-469A19CAF1A7}.Release|Windows-ARM.ActiveCfg = Release|Any CPU
		{E09E8259-7E2D-4490-9C9F-469A19CAF1A7}.Release|Windows-ARM.Build.0 = Release|Any CPU
		{E09E8259-7E2D-4490-9C9F-469A19CAF1A7}.Release|Windows-x64.ActiveCfg = Release|Any CPU
		{E09E8259-7E2D-4490-9C9F-469A19CAF1A7}.Release|Windows-x64.Build.0 = Release|Any CPU
		{E09E8259-7E2D-4490-9C9F-469A19CAF1A7}.Release|Windows-x86.ActiveCfg = Release|Any CPU
		{E09E8259-7E2D-4490-9C9F-469A19CAF1A7}.Release|Windows-x86.Build.0 = Release|Any CPU
		{D1DCAC53-1E65-4229-B38E-14CA3CE1626D}.Debug|Android.ActiveCfg = Debug|Any CPU
		{D1DCAC53-1E65-4229-B38E-14CA3CE1626D}.Debug|Android.Build.0 = Debug|Any CPU
		{D1DCAC53-1E65-4229-B38E-14CA3CE1626D}.Debug|Any CPU.ActiveCfg = Debug|Any CPU
		{D1DCAC53-1E65-4229-B38E-14CA3CE1626D}.Debug|Any CPU.Build.0 = Debug|Any CPU
		{D1DCAC53-1E65-4229-B38E-14CA3CE1626D}.Debug|iOS.ActiveCfg = Debug|Any CPU
		{D1DCAC53-1E65-4229-B38E-14CA3CE1626D}.Debug|iOS.Build.0 = Debug|Any CPU
		{D1DCAC53-1E65-4229-B38E-14CA3CE1626D}.Debug|Windows Phone (Universal).ActiveCfg = Debug|Any CPU
		{D1DCAC53-1E65-4229-B38E-14CA3CE1626D}.Debug|Windows Phone (Universal).Build.0 = Debug|Any CPU
		{D1DCAC53-1E65-4229-B38E-14CA3CE1626D}.Debug|Windows Phone 8.ActiveCfg = Debug|Any CPU
		{D1DCAC53-1E65-4229-B38E-14CA3CE1626D}.Debug|Windows Phone 8.Build.0 = Debug|Any CPU
		{D1DCAC53-1E65-4229-B38E-14CA3CE1626D}.Debug|Windows-AnyCPU.ActiveCfg = Debug|Any CPU
		{D1DCAC53-1E65-4229-B38E-14CA3CE1626D}.Debug|Windows-AnyCPU.Build.0 = Debug|Any CPU
		{D1DCAC53-1E65-4229-B38E-14CA3CE1626D}.Debug|Windows-ARM.ActiveCfg = Debug|Any CPU
		{D1DCAC53-1E65-4229-B38E-14CA3CE1626D}.Debug|Windows-ARM.Build.0 = Debug|Any CPU
		{D1DCAC53-1E65-4229-B38E-14CA3CE1626D}.Debug|Windows-x64.ActiveCfg = Debug|Any CPU
		{D1DCAC53-1E65-4229-B38E-14CA3CE1626D}.Debug|Windows-x64.Build.0 = Debug|Any CPU
		{D1DCAC53-1E65-4229-B38E-14CA3CE1626D}.Debug|Windows-x86.ActiveCfg = Debug|Any CPU
		{D1DCAC53-1E65-4229-B38E-14CA3CE1626D}.Debug|Windows-x86.Build.0 = Debug|Any CPU
		{D1DCAC53-1E65-4229-B38E-14CA3CE1626D}.Release|Android.ActiveCfg = Release|Any CPU
		{D1DCAC53-1E65-4229-B38E-14CA3CE1626D}.Release|Android.Build.0 = Release|Any CPU
		{D1DCAC53-1E65-4229-B38E-14CA3CE1626D}.Release|Any CPU.ActiveCfg = Release|Any CPU
		{D1DCAC53-1E65-4229-B38E-14CA3CE1626D}.Release|Any CPU.Build.0 = Release|Any CPU
		{D1DCAC53-1E65-4229-B38E-14CA3CE1626D}.Release|iOS.ActiveCfg = Release|Any CPU
		{D1DCAC53-1E65-4229-B38E-14CA3CE1626D}.Release|iOS.Build.0 = Release|Any CPU
		{D1DCAC53-1E65-4229-B38E-14CA3CE1626D}.Release|Windows Phone (Universal).ActiveCfg = Release|Any CPU
		{D1DCAC53-1E65-4229-B38E-14CA3CE1626D}.Release|Windows Phone (Universal).Build.0 = Release|Any CPU
		{D1DCAC53-1E65-4229-B38E-14CA3CE1626D}.Release|Windows Phone 8.ActiveCfg = Release|Any CPU
		{D1DCAC53-1E65-4229-B38E-14CA3CE1626D}.Release|Windows Phone 8.Build.0 = Release|Any CPU
		{D1DCAC53-1E65-4229-B38E-14CA3CE1626D}.Release|Windows-AnyCPU.ActiveCfg = Release|Any CPU
		{D1DCAC53-1E65-4229-B38E-14CA3CE1626D}.Release|Windows-AnyCPU.Build.0 = Release|Any CPU
		{D1DCAC53-1E65-4229-B38E-14CA3CE1626D}.Release|Windows-ARM.ActiveCfg = Release|Any CPU
		{D1DCAC53-1E65-4229-B38E-14CA3CE1626D}.Release|Windows-ARM.Build.0 = Release|Any CPU
		{D1DCAC53-1E65-4229-B38E-14CA3CE1626D}.Release|Windows-x64.ActiveCfg = Release|Any CPU
		{D1DCAC53-1E65-4229-B38E-14CA3CE1626D}.Release|Windows-x64.Build.0 = Release|Any CPU
		{D1DCAC53-1E65-4229-B38E-14CA3CE1626D}.Release|Windows-x86.ActiveCfg = Release|Any CPU
		{D1DCAC53-1E65-4229-B38E-14CA3CE1626D}.Release|Windows-x86.Build.0 = Release|Any CPU
		{09DC65FB-9FF8-44B5-8750-D89C32E823F8}.Debug|Android.ActiveCfg = Debug|Any CPU
		{09DC65FB-9FF8-44B5-8750-D89C32E823F8}.Debug|Android.Build.0 = Debug|Any CPU
		{09DC65FB-9FF8-44B5-8750-D89C32E823F8}.Debug|Any CPU.ActiveCfg = Debug|Any CPU
		{09DC65FB-9FF8-44B5-8750-D89C32E823F8}.Debug|Any CPU.Build.0 = Debug|Any CPU
		{09DC65FB-9FF8-44B5-8750-D89C32E823F8}.Debug|iOS.ActiveCfg = Debug|Any CPU
		{09DC65FB-9FF8-44B5-8750-D89C32E823F8}.Debug|iOS.Build.0 = Debug|Any CPU
		{09DC65FB-9FF8-44B5-8750-D89C32E823F8}.Debug|Windows Phone (Universal).ActiveCfg = Debug|Any CPU
		{09DC65FB-9FF8-44B5-8750-D89C32E823F8}.Debug|Windows Phone (Universal).Build.0 = Debug|Any CPU
		{09DC65FB-9FF8-44B5-8750-D89C32E823F8}.Debug|Windows Phone 8.ActiveCfg = Debug|Any CPU
		{09DC65FB-9FF8-44B5-8750-D89C32E823F8}.Debug|Windows Phone 8.Build.0 = Debug|Any CPU
		{09DC65FB-9FF8-44B5-8750-D89C32E823F8}.Debug|Windows-AnyCPU.ActiveCfg = Debug|Any CPU
		{09DC65FB-9FF8-44B5-8750-D89C32E823F8}.Debug|Windows-AnyCPU.Build.0 = Debug|Any CPU
		{09DC65FB-9FF8-44B5-8750-D89C32E823F8}.Debug|Windows-ARM.ActiveCfg = Debug|Any CPU
		{09DC65FB-9FF8-44B5-8750-D89C32E823F8}.Debug|Windows-ARM.Build.0 = Debug|Any CPU
		{09DC65FB-9FF8-44B5-8750-D89C32E823F8}.Debug|Windows-x64.ActiveCfg = Debug|Any CPU
		{09DC65FB-9FF8-44B5-8750-D89C32E823F8}.Debug|Windows-x64.Build.0 = Debug|Any CPU
		{09DC65FB-9FF8-44B5-8750-D89C32E823F8}.Debug|Windows-x86.ActiveCfg = Debug|Any CPU
		{09DC65FB-9FF8-44B5-8750-D89C32E823F8}.Debug|Windows-x86.Build.0 = Debug|Any CPU
		{09DC65FB-9FF8-44B5-8750-D89C32E823F8}.Release|Android.ActiveCfg = Release|Any CPU
		{09DC65FB-9FF8-44B5-8750-D89C32E823F8}.Release|Android.Build.0 = Release|Any CPU
		{09DC65FB-9FF8-44B5-8750-D89C32E823F8}.Release|Any CPU.ActiveCfg = Release|Any CPU
		{09DC65FB-9FF8-44B5-8750-D89C32E823F8}.Release|Any CPU.Build.0 = Release|Any CPU
		{09DC65FB-9FF8-44B5-8750-D89C32E823F8}.Release|iOS.ActiveCfg = Release|Any CPU
		{09DC65FB-9FF8-44B5-8750-D89C32E823F8}.Release|iOS.Build.0 = Release|Any CPU
		{09DC65FB-9FF8-44B5-8750-D89C32E823F8}.Release|Windows Phone (Universal).ActiveCfg = Release|Any CPU
		{09DC65FB-9FF8-44B5-8750-D89C32E823F8}.Release|Windows Phone (Universal).Build.0 = Release|Any CPU
		{09DC65FB-9FF8-44B5-8750-D89C32E823F8}.Release|Windows Phone 8.ActiveCfg = Release|Any CPU
		{09DC65FB-9FF8-44B5-8750-D89C32E823F8}.Release|Windows Phone 8.Build.0 = Release|Any CPU
		{09DC65FB-9FF8-44B5-8750-D89C32E823F8}.Release|Windows-AnyCPU.ActiveCfg = Release|Any CPU
		{09DC65FB-9FF8-44B5-8750-D89C32E823F8}.Release|Windows-AnyCPU.Build.0 = Release|Any CPU
		{09DC65FB-9FF8-44B5-8750-D89C32E823F8}.Release|Windows-ARM.ActiveCfg = Release|Any CPU
		{09DC65FB-9FF8-44B5-8750-D89C32E823F8}.Release|Windows-ARM.Build.0 = Release|Any CPU
		{09DC65FB-9FF8-44B5-8750-D89C32E823F8}.Release|Windows-x64.ActiveCfg = Release|Any CPU
		{09DC65FB-9FF8-44B5-8750-D89C32E823F8}.Release|Windows-x64.Build.0 = Release|Any CPU
		{09DC65FB-9FF8-44B5-8750-D89C32E823F8}.Release|Windows-x86.ActiveCfg = Release|Any CPU
		{09DC65FB-9FF8-44B5-8750-D89C32E823F8}.Release|Windows-x86.Build.0 = Release|Any CPU
		{85542028-DE0E-4C9D-A53E-D932D6DDE329}.Debug|Android.ActiveCfg = Debug|Any CPU
		{85542028-DE0E-4C9D-A53E-D932D6DDE329}.Debug|Android.Build.0 = Debug|Any CPU
		{85542028-DE0E-4C9D-A53E-D932D6DDE329}.Debug|Any CPU.ActiveCfg = Debug|Any CPU
		{85542028-DE0E-4C9D-A53E-D932D6DDE329}.Debug|Any CPU.Build.0 = Debug|Any CPU
		{85542028-DE0E-4C9D-A53E-D932D6DDE329}.Debug|iOS.ActiveCfg = Debug|Any CPU
		{85542028-DE0E-4C9D-A53E-D932D6DDE329}.Debug|iOS.Build.0 = Debug|Any CPU
		{85542028-DE0E-4C9D-A53E-D932D6DDE329}.Debug|Windows Phone (Universal).ActiveCfg = Debug|Any CPU
		{85542028-DE0E-4C9D-A53E-D932D6DDE329}.Debug|Windows Phone (Universal).Build.0 = Debug|Any CPU
		{85542028-DE0E-4C9D-A53E-D932D6DDE329}.Debug|Windows Phone 8.ActiveCfg = Debug|Any CPU
		{85542028-DE0E-4C9D-A53E-D932D6DDE329}.Debug|Windows Phone 8.Build.0 = Debug|Any CPU
		{85542028-DE0E-4C9D-A53E-D932D6DDE329}.Debug|Windows-AnyCPU.ActiveCfg = Debug|Any CPU
		{85542028-DE0E-4C9D-A53E-D932D6DDE329}.Debug|Windows-AnyCPU.Build.0 = Debug|Any CPU
		{85542028-DE0E-4C9D-A53E-D932D6DDE329}.Debug|Windows-ARM.ActiveCfg = Debug|Any CPU
		{85542028-DE0E-4C9D-A53E-D932D6DDE329}.Debug|Windows-ARM.Build.0 = Debug|Any CPU
		{85542028-DE0E-4C9D-A53E-D932D6DDE329}.Debug|Windows-x64.ActiveCfg = Debug|Any CPU
		{85542028-DE0E-4C9D-A53E-D932D6DDE329}.Debug|Windows-x64.Build.0 = Debug|Any CPU
		{85542028-DE0E-4C9D-A53E-D932D6DDE329}.Debug|Windows-x86.ActiveCfg = Debug|Any CPU
		{85542028-DE0E-4C9D-A53E-D932D6DDE329}.Debug|Windows-x86.Build.0 = Debug|Any CPU
		{85542028-DE0E-4C9D-A53E-D932D6DDE329}.Release|Android.ActiveCfg = Debug|Any CPU
		{85542028-DE0E-4C9D-A53E-D932D6DDE329}.Release|Android.Build.0 = Debug|Any CPU
		{85542028-DE0E-4C9D-A53E-D932D6DDE329}.Release|Any CPU.ActiveCfg = Debug|Any CPU
		{85542028-DE0E-4C9D-A53E-D932D6DDE329}.Release|Any CPU.Build.0 = Debug|Any CPU
		{85542028-DE0E-4C9D-A53E-D932D6DDE329}.Release|iOS.ActiveCfg = Debug|Any CPU
		{85542028-DE0E-4C9D-A53E-D932D6DDE329}.Release|iOS.Build.0 = Debug|Any CPU
		{85542028-DE0E-4C9D-A53E-D932D6DDE329}.Release|Windows Phone (Universal).ActiveCfg = Debug|Any CPU
		{85542028-DE0E-4C9D-A53E-D932D6DDE329}.Release|Windows Phone (Universal).Build.0 = Debug|Any CPU
		{85542028-DE0E-4C9D-A53E-D932D6DDE329}.Release|Windows Phone 8.ActiveCfg = Debug|Any CPU
		{85542028-DE0E-4C9D-A53E-D932D6DDE329}.Release|Windows Phone 8.Build.0 = Debug|Any CPU
		{85542028-DE0E-4C9D-A53E-D932D6DDE329}.Release|Windows-AnyCPU.ActiveCfg = Debug|Any CPU
		{85542028-DE0E-4C9D-A53E-D932D6DDE329}.Release|Windows-AnyCPU.Build.0 = Debug|Any CPU
		{85542028-DE0E-4C9D-A53E-D932D6DDE329}.Release|Windows-ARM.ActiveCfg = Debug|Any CPU
		{85542028-DE0E-4C9D-A53E-D932D6DDE329}.Release|Windows-ARM.Build.0 = Debug|Any CPU
		{85542028-DE0E-4C9D-A53E-D932D6DDE329}.Release|Windows-x64.ActiveCfg = Debug|Any CPU
		{85542028-DE0E-4C9D-A53E-D932D6DDE329}.Release|Windows-x64.Build.0 = Debug|Any CPU
		{85542028-DE0E-4C9D-A53E-D932D6DDE329}.Release|Windows-x86.ActiveCfg = Debug|Any CPU
		{85542028-DE0E-4C9D-A53E-D932D6DDE329}.Release|Windows-x86.Build.0 = Debug|Any CPU
		{3DB0BB08-8BC5-4F96-B45F-0E1E5BE7E0EE}.Debug|Android.ActiveCfg = Debug|Any CPU
		{3DB0BB08-8BC5-4F96-B45F-0E1E5BE7E0EE}.Debug|Android.Build.0 = Debug|Any CPU
		{3DB0BB08-8BC5-4F96-B45F-0E1E5BE7E0EE}.Debug|Any CPU.ActiveCfg = Debug|Any CPU
		{3DB0BB08-8BC5-4F96-B45F-0E1E5BE7E0EE}.Debug|Any CPU.Build.0 = Debug|Any CPU
		{3DB0BB08-8BC5-4F96-B45F-0E1E5BE7E0EE}.Debug|iOS.ActiveCfg = Debug|Any CPU
		{3DB0BB08-8BC5-4F96-B45F-0E1E5BE7E0EE}.Debug|iOS.Build.0 = Debug|Any CPU
		{3DB0BB08-8BC5-4F96-B45F-0E1E5BE7E0EE}.Debug|Windows Phone (Universal).ActiveCfg = Debug|Any CPU
		{3DB0BB08-8BC5-4F96-B45F-0E1E5BE7E0EE}.Debug|Windows Phone (Universal).Build.0 = Debug|Any CPU
		{3DB0BB08-8BC5-4F96-B45F-0E1E5BE7E0EE}.Debug|Windows Phone 8.ActiveCfg = Debug|Any CPU
		{3DB0BB08-8BC5-4F96-B45F-0E1E5BE7E0EE}.Debug|Windows Phone 8.Build.0 = Debug|Any CPU
		{3DB0BB08-8BC5-4F96-B45F-0E1E5BE7E0EE}.Debug|Windows-AnyCPU.ActiveCfg = Debug|Any CPU
		{3DB0BB08-8BC5-4F96-B45F-0E1E5BE7E0EE}.Debug|Windows-AnyCPU.Build.0 = Debug|Any CPU
		{3DB0BB08-8BC5-4F96-B45F-0E1E5BE7E0EE}.Debug|Windows-ARM.ActiveCfg = Debug|Any CPU
		{3DB0BB08-8BC5-4F96-B45F-0E1E5BE7E0EE}.Debug|Windows-ARM.Build.0 = Debug|Any CPU
		{3DB0BB08-8BC5-4F96-B45F-0E1E5BE7E0EE}.Debug|Windows-x64.ActiveCfg = Debug|Any CPU
		{3DB0BB08-8BC5-4F96-B45F-0E1E5BE7E0EE}.Debug|Windows-x64.Build.0 = Debug|Any CPU
		{3DB0BB08-8BC5-4F96-B45F-0E1E5BE7E0EE}.Debug|Windows-x86.ActiveCfg = Debug|Any CPU
		{3DB0BB08-8BC5-4F96-B45F-0E1E5BE7E0EE}.Debug|Windows-x86.Build.0 = Debug|Any CPU
		{3DB0BB08-8BC5-4F96-B45F-0E1E5BE7E0EE}.Release|Android.ActiveCfg = Release|Any CPU
		{3DB0BB08-8BC5-4F96-B45F-0E1E5BE7E0EE}.Release|Android.Build.0 = Release|Any CPU
		{3DB0BB08-8BC5-4F96-B45F-0E1E5BE7E0EE}.Release|Any CPU.ActiveCfg = Release|Any CPU
		{3DB0BB08-8BC5-4F96-B45F-0E1E5BE7E0EE}.Release|Any CPU.Build.0 = Release|Any CPU
		{3DB0BB08-8BC5-4F96-B45F-0E1E5BE7E0EE}.Release|iOS.ActiveCfg = Release|Any CPU
		{3DB0BB08-8BC5-4F96-B45F-0E1E5BE7E0EE}.Release|iOS.Build.0 = Release|Any CPU
		{3DB0BB08-8BC5-4F96-B45F-0E1E5BE7E0EE}.Release|Windows Phone (Universal).ActiveCfg = Release|Any CPU
		{3DB0BB08-8BC5-4F96-B45F-0E1E5BE7E0EE}.Release|Windows Phone (Universal).Build.0 = Release|Any CPU
		{3DB0BB08-8BC5-4F96-B45F-0E1E5BE7E0EE}.Release|Windows Phone 8.ActiveCfg = Release|Any CPU
		{3DB0BB08-8BC5-4F96-B45F-0E1E5BE7E0EE}.Release|Windows Phone 8.Build.0 = Release|Any CPU
		{3DB0BB08-8BC5-4F96-B45F-0E1E5BE7E0EE}.Release|Windows-AnyCPU.ActiveCfg = Release|Any CPU
		{3DB0BB08-8BC5-4F96-B45F-0E1E5BE7E0EE}.Release|Windows-AnyCPU.Build.0 = Release|Any CPU
		{3DB0BB08-8BC5-4F96-B45F-0E1E5BE7E0EE}.Release|Windows-ARM.ActiveCfg = Release|Any CPU
		{3DB0BB08-8BC5-4F96-B45F-0E1E5BE7E0EE}.Release|Windows-ARM.Build.0 = Release|Any CPU
		{3DB0BB08-8BC5-4F96-B45F-0E1E5BE7E0EE}.Release|Windows-x64.ActiveCfg = Release|Any CPU
		{3DB0BB08-8BC5-4F96-B45F-0E1E5BE7E0EE}.Release|Windows-x64.Build.0 = Release|Any CPU
		{3DB0BB08-8BC5-4F96-B45F-0E1E5BE7E0EE}.Release|Windows-x86.ActiveCfg = Release|Any CPU
		{3DB0BB08-8BC5-4F96-B45F-0E1E5BE7E0EE}.Release|Windows-x86.Build.0 = Release|Any CPU
		{346FCBE8-C2D8-4F2D-A1F4-B204E5A14363}.Debug|Android.ActiveCfg = Debug|Any CPU
		{346FCBE8-C2D8-4F2D-A1F4-B204E5A14363}.Debug|Android.Build.0 = Debug|Any CPU
		{346FCBE8-C2D8-4F2D-A1F4-B204E5A14363}.Debug|Any CPU.ActiveCfg = Debug|Any CPU
		{346FCBE8-C2D8-4F2D-A1F4-B204E5A14363}.Debug|Any CPU.Build.0 = Debug|Any CPU
		{346FCBE8-C2D8-4F2D-A1F4-B204E5A14363}.Debug|iOS.ActiveCfg = Debug|Any CPU
		{346FCBE8-C2D8-4F2D-A1F4-B204E5A14363}.Debug|iOS.Build.0 = Debug|Any CPU
		{346FCBE8-C2D8-4F2D-A1F4-B204E5A14363}.Debug|Windows Phone (Universal).ActiveCfg = Debug|Any CPU
		{346FCBE8-C2D8-4F2D-A1F4-B204E5A14363}.Debug|Windows Phone (Universal).Build.0 = Debug|Any CPU
		{346FCBE8-C2D8-4F2D-A1F4-B204E5A14363}.Debug|Windows Phone 8.ActiveCfg = Debug|Any CPU
		{346FCBE8-C2D8-4F2D-A1F4-B204E5A14363}.Debug|Windows Phone 8.Build.0 = Debug|Any CPU
		{346FCBE8-C2D8-4F2D-A1F4-B204E5A14363}.Debug|Windows-AnyCPU.ActiveCfg = Debug|Any CPU
		{346FCBE8-C2D8-4F2D-A1F4-B204E5A14363}.Debug|Windows-AnyCPU.Build.0 = Debug|Any CPU
		{346FCBE8-C2D8-4F2D-A1F4-B204E5A14363}.Debug|Windows-ARM.ActiveCfg = Debug|Any CPU
		{346FCBE8-C2D8-4F2D-A1F4-B204E5A14363}.Debug|Windows-ARM.Build.0 = Debug|Any CPU
		{346FCBE8-C2D8-4F2D-A1F4-B204E5A14363}.Debug|Windows-x64.ActiveCfg = Debug|Any CPU
		{346FCBE8-C2D8-4F2D-A1F4-B204E5A14363}.Debug|Windows-x64.Build.0 = Debug|Any CPU
		{346FCBE8-C2D8-4F2D-A1F4-B204E5A14363}.Debug|Windows-x86.ActiveCfg = Debug|Any CPU
		{346FCBE8-C2D8-4F2D-A1F4-B204E5A14363}.Debug|Windows-x86.Build.0 = Debug|Any CPU
		{346FCBE8-C2D8-4F2D-A1F4-B204E5A14363}.Release|Android.ActiveCfg = Release|Any CPU
		{346FCBE8-C2D8-4F2D-A1F4-B204E5A14363}.Release|Android.Build.0 = Release|Any CPU
		{346FCBE8-C2D8-4F2D-A1F4-B204E5A14363}.Release|Any CPU.ActiveCfg = Release|Any CPU
		{346FCBE8-C2D8-4F2D-A1F4-B204E5A14363}.Release|Any CPU.Build.0 = Release|Any CPU
		{346FCBE8-C2D8-4F2D-A1F4-B204E5A14363}.Release|iOS.ActiveCfg = Release|Any CPU
		{346FCBE8-C2D8-4F2D-A1F4-B204E5A14363}.Release|iOS.Build.0 = Release|Any CPU
		{346FCBE8-C2D8-4F2D-A1F4-B204E5A14363}.Release|Windows Phone (Universal).ActiveCfg = Release|Any CPU
		{346FCBE8-C2D8-4F2D-A1F4-B204E5A14363}.Release|Windows Phone (Universal).Build.0 = Release|Any CPU
		{346FCBE8-C2D8-4F2D-A1F4-B204E5A14363}.Release|Windows Phone 8.ActiveCfg = Release|Any CPU
		{346FCBE8-C2D8-4F2D-A1F4-B204E5A14363}.Release|Windows Phone 8.Build.0 = Release|Any CPU
		{346FCBE8-C2D8-4F2D-A1F4-B204E5A14363}.Release|Windows-AnyCPU.ActiveCfg = Release|Any CPU
		{346FCBE8-C2D8-4F2D-A1F4-B204E5A14363}.Release|Windows-AnyCPU.Build.0 = Release|Any CPU
		{346FCBE8-C2D8-4F2D-A1F4-B204E5A14363}.Release|Windows-ARM.ActiveCfg = Release|Any CPU
		{346FCBE8-C2D8-4F2D-A1F4-B204E5A14363}.Release|Windows-ARM.Build.0 = Release|Any CPU
		{346FCBE8-C2D8-4F2D-A1F4-B204E5A14363}.Release|Windows-x64.ActiveCfg = Release|Any CPU
		{346FCBE8-C2D8-4F2D-A1F4-B204E5A14363}.Release|Windows-x64.Build.0 = Release|Any CPU
		{346FCBE8-C2D8-4F2D-A1F4-B204E5A14363}.Release|Windows-x86.ActiveCfg = Release|Any CPU
		{346FCBE8-C2D8-4F2D-A1F4-B204E5A14363}.Release|Windows-x86.Build.0 = Release|Any CPU
		{8FB50056-BE3B-4F6B-AA82-45958CABE0F7}.Debug|Android.ActiveCfg = Debug|Any CPU
		{8FB50056-BE3B-4F6B-AA82-45958CABE0F7}.Debug|Android.Build.0 = Debug|Any CPU
		{8FB50056-BE3B-4F6B-AA82-45958CABE0F7}.Debug|Any CPU.ActiveCfg = Debug|Any CPU
		{8FB50056-BE3B-4F6B-AA82-45958CABE0F7}.Debug|Any CPU.Build.0 = Debug|Any CPU
		{8FB50056-BE3B-4F6B-AA82-45958CABE0F7}.Debug|iOS.ActiveCfg = Debug|Any CPU
		{8FB50056-BE3B-4F6B-AA82-45958CABE0F7}.Debug|iOS.Build.0 = Debug|Any CPU
		{8FB50056-BE3B-4F6B-AA82-45958CABE0F7}.Debug|Windows Phone (Universal).ActiveCfg = Debug|Any CPU
		{8FB50056-BE3B-4F6B-AA82-45958CABE0F7}.Debug|Windows Phone (Universal).Build.0 = Debug|Any CPU
		{8FB50056-BE3B-4F6B-AA82-45958CABE0F7}.Debug|Windows Phone 8.ActiveCfg = Debug|Any CPU
		{8FB50056-BE3B-4F6B-AA82-45958CABE0F7}.Debug|Windows Phone 8.Build.0 = Debug|Any CPU
		{8FB50056-BE3B-4F6B-AA82-45958CABE0F7}.Debug|Windows-AnyCPU.ActiveCfg = Debug|Any CPU
		{8FB50056-BE3B-4F6B-AA82-45958CABE0F7}.Debug|Windows-AnyCPU.Build.0 = Debug|Any CPU
		{8FB50056-BE3B-4F6B-AA82-45958CABE0F7}.Debug|Windows-ARM.ActiveCfg = Debug|Any CPU
		{8FB50056-BE3B-4F6B-AA82-45958CABE0F7}.Debug|Windows-ARM.Build.0 = Debug|Any CPU
		{8FB50056-BE3B-4F6B-AA82-45958CABE0F7}.Debug|Windows-x64.ActiveCfg = Debug|Any CPU
		{8FB50056-BE3B-4F6B-AA82-45958CABE0F7}.Debug|Windows-x64.Build.0 = Debug|Any CPU
		{8FB50056-BE3B-4F6B-AA82-45958CABE0F7}.Debug|Windows-x86.ActiveCfg = Debug|Any CPU
		{8FB50056-BE3B-4F6B-AA82-45958CABE0F7}.Debug|Windows-x86.Build.0 = Debug|Any CPU
		{8FB50056-BE3B-4F6B-AA82-45958CABE0F7}.Release|Android.ActiveCfg = Release|Any CPU
		{8FB50056-BE3B-4F6B-AA82-45958CABE0F7}.Release|Android.Build.0 = Release|Any CPU
		{8FB50056-BE3B-4F6B-AA82-45958CABE0F7}.Release|Any CPU.ActiveCfg = Release|Any CPU
		{8FB50056-BE3B-4F6B-AA82-45958CABE0F7}.Release|Any CPU.Build.0 = Release|Any CPU
		{8FB50056-BE3B-4F6B-AA82-45958CABE0F7}.Release|iOS.ActiveCfg = Release|Any CPU
		{8FB50056-BE3B-4F6B-AA82-45958CABE0F7}.Release|iOS.Build.0 = Release|Any CPU
		{8FB50056-BE3B-4F6B-AA82-45958CABE0F7}.Release|Windows Phone (Universal).ActiveCfg = Release|Any CPU
		{8FB50056-BE3B-4F6B-AA82-45958CABE0F7}.Release|Windows Phone (Universal).Build.0 = Release|Any CPU
		{8FB50056-BE3B-4F6B-AA82-45958CABE0F7}.Release|Windows Phone 8.ActiveCfg = Release|Any CPU
		{8FB50056-BE3B-4F6B-AA82-45958CABE0F7}.Release|Windows Phone 8.Build.0 = Release|Any CPU
		{8FB50056-BE3B-4F6B-AA82-45958CABE0F7}.Release|Windows-AnyCPU.ActiveCfg = Release|Any CPU
		{8FB50056-BE3B-4F6B-AA82-45958CABE0F7}.Release|Windows-AnyCPU.Build.0 = Release|Any CPU
		{8FB50056-BE3B-4F6B-AA82-45958CABE0F7}.Release|Windows-ARM.ActiveCfg = Release|Any CPU
		{8FB50056-BE3B-4F6B-AA82-45958CABE0F7}.Release|Windows-ARM.Build.0 = Release|Any CPU
		{8FB50056-BE3B-4F6B-AA82-45958CABE0F7}.Release|Windows-x64.ActiveCfg = Release|Any CPU
		{8FB50056-BE3B-4F6B-AA82-45958CABE0F7}.Release|Windows-x64.Build.0 = Release|Any CPU
		{8FB50056-BE3B-4F6B-AA82-45958CABE0F7}.Release|Windows-x86.ActiveCfg = Release|Any CPU
		{8FB50056-BE3B-4F6B-AA82-45958CABE0F7}.Release|Windows-x86.Build.0 = Release|Any CPU
		{EFF71730-9FE1-44DF-9975-6F38C2DBFF19}.Debug|Android.ActiveCfg = Debug|Any CPU
		{EFF71730-9FE1-44DF-9975-6F38C2DBFF19}.Debug|Android.Build.0 = Debug|Any CPU
		{EFF71730-9FE1-44DF-9975-6F38C2DBFF19}.Debug|Any CPU.ActiveCfg = Debug|Any CPU
		{EFF71730-9FE1-44DF-9975-6F38C2DBFF19}.Debug|Any CPU.Build.0 = Debug|Any CPU
		{EFF71730-9FE1-44DF-9975-6F38C2DBFF19}.Debug|iOS.ActiveCfg = Debug|Any CPU
		{EFF71730-9FE1-44DF-9975-6F38C2DBFF19}.Debug|iOS.Build.0 = Debug|Any CPU
		{EFF71730-9FE1-44DF-9975-6F38C2DBFF19}.Debug|Windows Phone (Universal).ActiveCfg = Debug|Any CPU
		{EFF71730-9FE1-44DF-9975-6F38C2DBFF19}.Debug|Windows Phone (Universal).Build.0 = Debug|Any CPU
		{EFF71730-9FE1-44DF-9975-6F38C2DBFF19}.Debug|Windows Phone 8.ActiveCfg = Debug|Any CPU
		{EFF71730-9FE1-44DF-9975-6F38C2DBFF19}.Debug|Windows Phone 8.Build.0 = Debug|Any CPU
		{EFF71730-9FE1-44DF-9975-6F38C2DBFF19}.Debug|Windows-AnyCPU.ActiveCfg = Debug|Any CPU
		{EFF71730-9FE1-44DF-9975-6F38C2DBFF19}.Debug|Windows-AnyCPU.Build.0 = Debug|Any CPU
		{EFF71730-9FE1-44DF-9975-6F38C2DBFF19}.Debug|Windows-ARM.ActiveCfg = Debug|Any CPU
		{EFF71730-9FE1-44DF-9975-6F38C2DBFF19}.Debug|Windows-ARM.Build.0 = Debug|Any CPU
		{EFF71730-9FE1-44DF-9975-6F38C2DBFF19}.Debug|Windows-x64.ActiveCfg = Debug|Any CPU
		{EFF71730-9FE1-44DF-9975-6F38C2DBFF19}.Debug|Windows-x64.Build.0 = Debug|Any CPU
		{EFF71730-9FE1-44DF-9975-6F38C2DBFF19}.Debug|Windows-x86.ActiveCfg = Debug|Any CPU
		{EFF71730-9FE1-44DF-9975-6F38C2DBFF19}.Debug|Windows-x86.Build.0 = Debug|Any CPU
		{EFF71730-9FE1-44DF-9975-6F38C2DBFF19}.Release|Android.ActiveCfg = Release|Any CPU
		{EFF71730-9FE1-44DF-9975-6F38C2DBFF19}.Release|Android.Build.0 = Release|Any CPU
		{EFF71730-9FE1-44DF-9975-6F38C2DBFF19}.Release|Any CPU.ActiveCfg = Release|Any CPU
		{EFF71730-9FE1-44DF-9975-6F38C2DBFF19}.Release|Any CPU.Build.0 = Release|Any CPU
		{EFF71730-9FE1-44DF-9975-6F38C2DBFF19}.Release|iOS.ActiveCfg = Release|Any CPU
		{EFF71730-9FE1-44DF-9975-6F38C2DBFF19}.Release|iOS.Build.0 = Release|Any CPU
		{EFF71730-9FE1-44DF-9975-6F38C2DBFF19}.Release|Windows Phone (Universal).ActiveCfg = Release|Any CPU
		{EFF71730-9FE1-44DF-9975-6F38C2DBFF19}.Release|Windows Phone (Universal).Build.0 = Release|Any CPU
		{EFF71730-9FE1-44DF-9975-6F38C2DBFF19}.Release|Windows Phone 8.ActiveCfg = Release|Any CPU
		{EFF71730-9FE1-44DF-9975-6F38C2DBFF19}.Release|Windows Phone 8.Build.0 = Release|Any CPU
		{EFF71730-9FE1-44DF-9975-6F38C2DBFF19}.Release|Windows-AnyCPU.ActiveCfg = Release|Any CPU
		{EFF71730-9FE1-44DF-9975-6F38C2DBFF19}.Release|Windows-AnyCPU.Build.0 = Release|Any CPU
		{EFF71730-9FE1-44DF-9975-6F38C2DBFF19}.Release|Windows-ARM.ActiveCfg = Release|Any CPU
		{EFF71730-9FE1-44DF-9975-6F38C2DBFF19}.Release|Windows-ARM.Build.0 = Release|Any CPU
		{EFF71730-9FE1-44DF-9975-6F38C2DBFF19}.Release|Windows-x64.ActiveCfg = Release|Any CPU
		{EFF71730-9FE1-44DF-9975-6F38C2DBFF19}.Release|Windows-x64.Build.0 = Release|Any CPU
		{EFF71730-9FE1-44DF-9975-6F38C2DBFF19}.Release|Windows-x86.ActiveCfg = Release|Any CPU
		{EFF71730-9FE1-44DF-9975-6F38C2DBFF19}.Release|Windows-x86.Build.0 = Release|Any CPU
		{F48D7687-D6C9-49E0-86E6-BA40EB131CBA}.Debug|Android.ActiveCfg = Debug|Any CPU
		{F48D7687-D6C9-49E0-86E6-BA40EB131CBA}.Debug|Android.Build.0 = Debug|Any CPU
		{F48D7687-D6C9-49E0-86E6-BA40EB131CBA}.Debug|Any CPU.ActiveCfg = Debug|Any CPU
		{F48D7687-D6C9-49E0-86E6-BA40EB131CBA}.Debug|Any CPU.Build.0 = Debug|Any CPU
		{F48D7687-D6C9-49E0-86E6-BA40EB131CBA}.Debug|iOS.ActiveCfg = Debug|Any CPU
		{F48D7687-D6C9-49E0-86E6-BA40EB131CBA}.Debug|iOS.Build.0 = Debug|Any CPU
		{F48D7687-D6C9-49E0-86E6-BA40EB131CBA}.Debug|Windows Phone (Universal).ActiveCfg = Debug|Any CPU
		{F48D7687-D6C9-49E0-86E6-BA40EB131CBA}.Debug|Windows Phone (Universal).Build.0 = Debug|Any CPU
		{F48D7687-D6C9-49E0-86E6-BA40EB131CBA}.Debug|Windows Phone 8.ActiveCfg = Debug|Any CPU
		{F48D7687-D6C9-49E0-86E6-BA40EB131CBA}.Debug|Windows Phone 8.Build.0 = Debug|Any CPU
		{F48D7687-D6C9-49E0-86E6-BA40EB131CBA}.Debug|Windows-AnyCPU.ActiveCfg = Debug|Any CPU
		{F48D7687-D6C9-49E0-86E6-BA40EB131CBA}.Debug|Windows-AnyCPU.Build.0 = Debug|Any CPU
		{F48D7687-D6C9-49E0-86E6-BA40EB131CBA}.Debug|Windows-ARM.ActiveCfg = Debug|Any CPU
		{F48D7687-D6C9-49E0-86E6-BA40EB131CBA}.Debug|Windows-ARM.Build.0 = Debug|Any CPU
		{F48D7687-D6C9-49E0-86E6-BA40EB131CBA}.Debug|Windows-x64.ActiveCfg = Debug|Any CPU
		{F48D7687-D6C9-49E0-86E6-BA40EB131CBA}.Debug|Windows-x64.Build.0 = Debug|Any CPU
		{F48D7687-D6C9-49E0-86E6-BA40EB131CBA}.Debug|Windows-x86.ActiveCfg = Debug|Any CPU
		{F48D7687-D6C9-49E0-86E6-BA40EB131CBA}.Debug|Windows-x86.Build.0 = Debug|Any CPU
		{F48D7687-D6C9-49E0-86E6-BA40EB131CBA}.Release|Android.ActiveCfg = Release|Any CPU
		{F48D7687-D6C9-49E0-86E6-BA40EB131CBA}.Release|Android.Build.0 = Release|Any CPU
		{F48D7687-D6C9-49E0-86E6-BA40EB131CBA}.Release|Any CPU.ActiveCfg = Release|Any CPU
		{F48D7687-D6C9-49E0-86E6-BA40EB131CBA}.Release|Any CPU.Build.0 = Release|Any CPU
		{F48D7687-D6C9-49E0-86E6-BA40EB131CBA}.Release|iOS.ActiveCfg = Release|Any CPU
		{F48D7687-D6C9-49E0-86E6-BA40EB131CBA}.Release|iOS.Build.0 = Release|Any CPU
		{F48D7687-D6C9-49E0-86E6-BA40EB131CBA}.Release|Windows Phone (Universal).ActiveCfg = Release|Any CPU
		{F48D7687-D6C9-49E0-86E6-BA40EB131CBA}.Release|Windows Phone (Universal).Build.0 = Release|Any CPU
		{F48D7687-D6C9-49E0-86E6-BA40EB131CBA}.Release|Windows Phone 8.ActiveCfg = Release|Any CPU
		{F48D7687-D6C9-49E0-86E6-BA40EB131CBA}.Release|Windows Phone 8.Build.0 = Release|Any CPU
		{F48D7687-D6C9-49E0-86E6-BA40EB131CBA}.Release|Windows-AnyCPU.ActiveCfg = Release|Any CPU
		{F48D7687-D6C9-49E0-86E6-BA40EB131CBA}.Release|Windows-AnyCPU.Build.0 = Release|Any CPU
		{F48D7687-D6C9-49E0-86E6-BA40EB131CBA}.Release|Windows-ARM.ActiveCfg = Release|Any CPU
		{F48D7687-D6C9-49E0-86E6-BA40EB131CBA}.Release|Windows-ARM.Build.0 = Release|Any CPU
		{F48D7687-D6C9-49E0-86E6-BA40EB131CBA}.Release|Windows-x64.ActiveCfg = Release|Any CPU
		{F48D7687-D6C9-49E0-86E6-BA40EB131CBA}.Release|Windows-x64.Build.0 = Release|Any CPU
		{F48D7687-D6C9-49E0-86E6-BA40EB131CBA}.Release|Windows-x86.ActiveCfg = Release|Any CPU
		{F48D7687-D6C9-49E0-86E6-BA40EB131CBA}.Release|Windows-x86.Build.0 = Release|Any CPU
		{D19D7D19-D95E-41F4-827D-4B59EC0E67D9}.Debug|Android.ActiveCfg = Debug|Any CPU
		{D19D7D19-D95E-41F4-827D-4B59EC0E67D9}.Debug|Android.Build.0 = Debug|Any CPU
		{D19D7D19-D95E-41F4-827D-4B59EC0E67D9}.Debug|Any CPU.ActiveCfg = Debug|Any CPU
		{D19D7D19-D95E-41F4-827D-4B59EC0E67D9}.Debug|Any CPU.Build.0 = Debug|Any CPU
		{D19D7D19-D95E-41F4-827D-4B59EC0E67D9}.Debug|iOS.ActiveCfg = Debug|Any CPU
		{D19D7D19-D95E-41F4-827D-4B59EC0E67D9}.Debug|iOS.Build.0 = Debug|Any CPU
		{D19D7D19-D95E-41F4-827D-4B59EC0E67D9}.Debug|Windows Phone (Universal).ActiveCfg = Debug|Any CPU
		{D19D7D19-D95E-41F4-827D-4B59EC0E67D9}.Debug|Windows Phone (Universal).Build.0 = Debug|Any CPU
		{D19D7D19-D95E-41F4-827D-4B59EC0E67D9}.Debug|Windows Phone 8.ActiveCfg = Debug|Any CPU
		{D19D7D19-D95E-41F4-827D-4B59EC0E67D9}.Debug|Windows Phone 8.Build.0 = Debug|Any CPU
		{D19D7D19-D95E-41F4-827D-4B59EC0E67D9}.Debug|Windows-AnyCPU.ActiveCfg = Debug|Any CPU
		{D19D7D19-D95E-41F4-827D-4B59EC0E67D9}.Debug|Windows-AnyCPU.Build.0 = Debug|Any CPU
		{D19D7D19-D95E-41F4-827D-4B59EC0E67D9}.Debug|Windows-ARM.ActiveCfg = Debug|Any CPU
		{D19D7D19-D95E-41F4-827D-4B59EC0E67D9}.Debug|Windows-ARM.Build.0 = Debug|Any CPU
		{D19D7D19-D95E-41F4-827D-4B59EC0E67D9}.Debug|Windows-x64.ActiveCfg = Debug|Any CPU
		{D19D7D19-D95E-41F4-827D-4B59EC0E67D9}.Debug|Windows-x64.Build.0 = Debug|Any CPU
		{D19D7D19-D95E-41F4-827D-4B59EC0E67D9}.Debug|Windows-x86.ActiveCfg = Debug|Any CPU
		{D19D7D19-D95E-41F4-827D-4B59EC0E67D9}.Debug|Windows-x86.Build.0 = Debug|Any CPU
		{D19D7D19-D95E-41F4-827D-4B59EC0E67D9}.Release|Android.ActiveCfg = Release|Any CPU
		{D19D7D19-D95E-41F4-827D-4B59EC0E67D9}.Release|Android.Build.0 = Release|Any CPU
		{D19D7D19-D95E-41F4-827D-4B59EC0E67D9}.Release|Any CPU.ActiveCfg = Release|Any CPU
		{D19D7D19-D95E-41F4-827D-4B59EC0E67D9}.Release|Any CPU.Build.0 = Release|Any CPU
		{D19D7D19-D95E-41F4-827D-4B59EC0E67D9}.Release|iOS.ActiveCfg = Release|Any CPU
		{D19D7D19-D95E-41F4-827D-4B59EC0E67D9}.Release|iOS.Build.0 = Release|Any CPU
		{D19D7D19-D95E-41F4-827D-4B59EC0E67D9}.Release|Windows Phone (Universal).ActiveCfg = Release|Any CPU
		{D19D7D19-D95E-41F4-827D-4B59EC0E67D9}.Release|Windows Phone (Universal).Build.0 = Release|Any CPU
		{D19D7D19-D95E-41F4-827D-4B59EC0E67D9}.Release|Windows Phone 8.ActiveCfg = Release|Any CPU
		{D19D7D19-D95E-41F4-827D-4B59EC0E67D9}.Release|Windows Phone 8.Build.0 = Release|Any CPU
		{D19D7D19-D95E-41F4-827D-4B59EC0E67D9}.Release|Windows-AnyCPU.ActiveCfg = Release|Any CPU
		{D19D7D19-D95E-41F4-827D-4B59EC0E67D9}.Release|Windows-AnyCPU.Build.0 = Release|Any CPU
		{D19D7D19-D95E-41F4-827D-4B59EC0E67D9}.Release|Windows-ARM.ActiveCfg = Release|Any CPU
		{D19D7D19-D95E-41F4-827D-4B59EC0E67D9}.Release|Windows-ARM.Build.0 = Release|Any CPU
		{D19D7D19-D95E-41F4-827D-4B59EC0E67D9}.Release|Windows-x64.ActiveCfg = Release|Any CPU
		{D19D7D19-D95E-41F4-827D-4B59EC0E67D9}.Release|Windows-x64.Build.0 = Release|Any CPU
		{D19D7D19-D95E-41F4-827D-4B59EC0E67D9}.Release|Windows-x86.ActiveCfg = Release|Any CPU
		{D19D7D19-D95E-41F4-827D-4B59EC0E67D9}.Release|Windows-x86.Build.0 = Release|Any CPU
		{B0414504-6DF6-428F-BE05-B2B727CA4826}.Debug|Android.ActiveCfg = Debug|Any CPU
		{B0414504-6DF6-428F-BE05-B2B727CA4826}.Debug|Android.Build.0 = Debug|Any CPU
		{B0414504-6DF6-428F-BE05-B2B727CA4826}.Debug|Any CPU.ActiveCfg = Debug|Any CPU
		{B0414504-6DF6-428F-BE05-B2B727CA4826}.Debug|Any CPU.Build.0 = Debug|Any CPU
		{B0414504-6DF6-428F-BE05-B2B727CA4826}.Debug|iOS.ActiveCfg = Debug|Any CPU
		{B0414504-6DF6-428F-BE05-B2B727CA4826}.Debug|iOS.Build.0 = Debug|Any CPU
		{B0414504-6DF6-428F-BE05-B2B727CA4826}.Debug|Windows Phone (Universal).ActiveCfg = Debug|Any CPU
		{B0414504-6DF6-428F-BE05-B2B727CA4826}.Debug|Windows Phone (Universal).Build.0 = Debug|Any CPU
		{B0414504-6DF6-428F-BE05-B2B727CA4826}.Debug|Windows Phone 8.ActiveCfg = Debug|Any CPU
		{B0414504-6DF6-428F-BE05-B2B727CA4826}.Debug|Windows Phone 8.Build.0 = Debug|Any CPU
		{B0414504-6DF6-428F-BE05-B2B727CA4826}.Debug|Windows-AnyCPU.ActiveCfg = Debug|Any CPU
		{B0414504-6DF6-428F-BE05-B2B727CA4826}.Debug|Windows-AnyCPU.Build.0 = Debug|Any CPU
		{B0414504-6DF6-428F-BE05-B2B727CA4826}.Debug|Windows-ARM.ActiveCfg = Debug|Any CPU
		{B0414504-6DF6-428F-BE05-B2B727CA4826}.Debug|Windows-ARM.Build.0 = Debug|Any CPU
		{B0414504-6DF6-428F-BE05-B2B727CA4826}.Debug|Windows-x64.ActiveCfg = Debug|Any CPU
		{B0414504-6DF6-428F-BE05-B2B727CA4826}.Debug|Windows-x64.Build.0 = Debug|Any CPU
		{B0414504-6DF6-428F-BE05-B2B727CA4826}.Debug|Windows-x86.ActiveCfg = Debug|Any CPU
		{B0414504-6DF6-428F-BE05-B2B727CA4826}.Debug|Windows-x86.Build.0 = Debug|Any CPU
		{B0414504-6DF6-428F-BE05-B2B727CA4826}.Release|Android.ActiveCfg = Release|Any CPU
		{B0414504-6DF6-428F-BE05-B2B727CA4826}.Release|Android.Build.0 = Release|Any CPU
		{B0414504-6DF6-428F-BE05-B2B727CA4826}.Release|Any CPU.ActiveCfg = Release|Any CPU
		{B0414504-6DF6-428F-BE05-B2B727CA4826}.Release|Any CPU.Build.0 = Release|Any CPU
		{B0414504-6DF6-428F-BE05-B2B727CA4826}.Release|iOS.ActiveCfg = Release|Any CPU
		{B0414504-6DF6-428F-BE05-B2B727CA4826}.Release|iOS.Build.0 = Release|Any CPU
		{B0414504-6DF6-428F-BE05-B2B727CA4826}.Release|Windows Phone (Universal).ActiveCfg = Release|Any CPU
		{B0414504-6DF6-428F-BE05-B2B727CA4826}.Release|Windows Phone (Universal).Build.0 = Release|Any CPU
		{B0414504-6DF6-428F-BE05-B2B727CA4826}.Release|Windows Phone 8.ActiveCfg = Release|Any CPU
		{B0414504-6DF6-428F-BE05-B2B727CA4826}.Release|Windows Phone 8.Build.0 = Release|Any CPU
		{B0414504-6DF6-428F-BE05-B2B727CA4826}.Release|Windows-AnyCPU.ActiveCfg = Release|Any CPU
		{B0414504-6DF6-428F-BE05-B2B727CA4826}.Release|Windows-AnyCPU.Build.0 = Release|Any CPU
		{B0414504-6DF6-428F-BE05-B2B727CA4826}.Release|Windows-ARM.ActiveCfg = Release|Any CPU
		{B0414504-6DF6-428F-BE05-B2B727CA4826}.Release|Windows-ARM.Build.0 = Release|Any CPU
		{B0414504-6DF6-428F-BE05-B2B727CA4826}.Release|Windows-x64.ActiveCfg = Release|Any CPU
		{B0414504-6DF6-428F-BE05-B2B727CA4826}.Release|Windows-x64.Build.0 = Release|Any CPU
		{B0414504-6DF6-428F-BE05-B2B727CA4826}.Release|Windows-x86.ActiveCfg = Release|Any CPU
		{B0414504-6DF6-428F-BE05-B2B727CA4826}.Release|Windows-x86.Build.0 = Release|Any CPU
		{F818D213-E87A-401D-AAB0-CD0F1A1F0C77}.Debug|Android.ActiveCfg = Debug|Any CPU
		{F818D213-E87A-401D-AAB0-CD0F1A1F0C77}.Debug|Android.Build.0 = Debug|Any CPU
		{F818D213-E87A-401D-AAB0-CD0F1A1F0C77}.Debug|Any CPU.ActiveCfg = Debug|Any CPU
		{F818D213-E87A-401D-AAB0-CD0F1A1F0C77}.Debug|Any CPU.Build.0 = Debug|Any CPU
		{F818D213-E87A-401D-AAB0-CD0F1A1F0C77}.Debug|iOS.ActiveCfg = Debug|Any CPU
		{F818D213-E87A-401D-AAB0-CD0F1A1F0C77}.Debug|iOS.Build.0 = Debug|Any CPU
		{F818D213-E87A-401D-AAB0-CD0F1A1F0C77}.Debug|Windows Phone (Universal).ActiveCfg = Debug|Any CPU
		{F818D213-E87A-401D-AAB0-CD0F1A1F0C77}.Debug|Windows Phone (Universal).Build.0 = Debug|Any CPU
		{F818D213-E87A-401D-AAB0-CD0F1A1F0C77}.Debug|Windows Phone 8.ActiveCfg = Debug|Any CPU
		{F818D213-E87A-401D-AAB0-CD0F1A1F0C77}.Debug|Windows Phone 8.Build.0 = Debug|Any CPU
		{F818D213-E87A-401D-AAB0-CD0F1A1F0C77}.Debug|Windows-AnyCPU.ActiveCfg = Debug|Any CPU
		{F818D213-E87A-401D-AAB0-CD0F1A1F0C77}.Debug|Windows-AnyCPU.Build.0 = Debug|Any CPU
		{F818D213-E87A-401D-AAB0-CD0F1A1F0C77}.Debug|Windows-ARM.ActiveCfg = Debug|Any CPU
		{F818D213-E87A-401D-AAB0-CD0F1A1F0C77}.Debug|Windows-ARM.Build.0 = Debug|Any CPU
		{F818D213-E87A-401D-AAB0-CD0F1A1F0C77}.Debug|Windows-x64.ActiveCfg = Debug|Any CPU
		{F818D213-E87A-401D-AAB0-CD0F1A1F0C77}.Debug|Windows-x64.Build.0 = Debug|Any CPU
		{F818D213-E87A-401D-AAB0-CD0F1A1F0C77}.Debug|Windows-x86.ActiveCfg = Debug|Any CPU
		{F818D213-E87A-401D-AAB0-CD0F1A1F0C77}.Debug|Windows-x86.Build.0 = Debug|Any CPU
		{F818D213-E87A-401D-AAB0-CD0F1A1F0C77}.Release|Android.ActiveCfg = Release|Any CPU
		{F818D213-E87A-401D-AAB0-CD0F1A1F0C77}.Release|Android.Build.0 = Release|Any CPU
		{F818D213-E87A-401D-AAB0-CD0F1A1F0C77}.Release|Any CPU.ActiveCfg = Release|Any CPU
		{F818D213-E87A-401D-AAB0-CD0F1A1F0C77}.Release|Any CPU.Build.0 = Release|Any CPU
		{F818D213-E87A-401D-AAB0-CD0F1A1F0C77}.Release|iOS.ActiveCfg = Release|Any CPU
		{F818D213-E87A-401D-AAB0-CD0F1A1F0C77}.Release|iOS.Build.0 = Release|Any CPU
		{F818D213-E87A-401D-AAB0-CD0F1A1F0C77}.Release|Windows Phone (Universal).ActiveCfg = Release|Any CPU
		{F818D213-E87A-401D-AAB0-CD0F1A1F0C77}.Release|Windows Phone (Universal).Build.0 = Release|Any CPU
		{F818D213-E87A-401D-AAB0-CD0F1A1F0C77}.Release|Windows Phone 8.ActiveCfg = Release|Any CPU
		{F818D213-E87A-401D-AAB0-CD0F1A1F0C77}.Release|Windows Phone 8.Build.0 = Release|Any CPU
		{F818D213-E87A-401D-AAB0-CD0F1A1F0C77}.Release|Windows-AnyCPU.ActiveCfg = Release|Any CPU
		{F818D213-E87A-401D-AAB0-CD0F1A1F0C77}.Release|Windows-AnyCPU.Build.0 = Release|Any CPU
		{F818D213-E87A-401D-AAB0-CD0F1A1F0C77}.Release|Windows-ARM.ActiveCfg = Release|Any CPU
		{F818D213-E87A-401D-AAB0-CD0F1A1F0C77}.Release|Windows-ARM.Build.0 = Release|Any CPU
		{F818D213-E87A-401D-AAB0-CD0F1A1F0C77}.Release|Windows-x64.ActiveCfg = Release|Any CPU
		{F818D213-E87A-401D-AAB0-CD0F1A1F0C77}.Release|Windows-x64.Build.0 = Release|Any CPU
		{F818D213-E87A-401D-AAB0-CD0F1A1F0C77}.Release|Windows-x86.ActiveCfg = Release|Any CPU
		{F818D213-E87A-401D-AAB0-CD0F1A1F0C77}.Release|Windows-x86.Build.0 = Release|Any CPU
		{C9A7B912-B5CD-436F-BFE7-66D78A947DC3}.Debug|Android.ActiveCfg = Debug|Any CPU
		{C9A7B912-B5CD-436F-BFE7-66D78A947DC3}.Debug|Android.Build.0 = Debug|Any CPU
		{C9A7B912-B5CD-436F-BFE7-66D78A947DC3}.Debug|Any CPU.ActiveCfg = Debug|Any CPU
		{C9A7B912-B5CD-436F-BFE7-66D78A947DC3}.Debug|Any CPU.Build.0 = Debug|Any CPU
		{C9A7B912-B5CD-436F-BFE7-66D78A947DC3}.Debug|iOS.ActiveCfg = Debug|Any CPU
		{C9A7B912-B5CD-436F-BFE7-66D78A947DC3}.Debug|iOS.Build.0 = Debug|Any CPU
		{C9A7B912-B5CD-436F-BFE7-66D78A947DC3}.Debug|Windows Phone (Universal).ActiveCfg = Debug|Any CPU
		{C9A7B912-B5CD-436F-BFE7-66D78A947DC3}.Debug|Windows Phone (Universal).Build.0 = Debug|Any CPU
		{C9A7B912-B5CD-436F-BFE7-66D78A947DC3}.Debug|Windows Phone 8.ActiveCfg = Debug|Any CPU
		{C9A7B912-B5CD-436F-BFE7-66D78A947DC3}.Debug|Windows Phone 8.Build.0 = Debug|Any CPU
		{C9A7B912-B5CD-436F-BFE7-66D78A947DC3}.Debug|Windows-AnyCPU.ActiveCfg = Debug|Any CPU
		{C9A7B912-B5CD-436F-BFE7-66D78A947DC3}.Debug|Windows-AnyCPU.Build.0 = Debug|Any CPU
		{C9A7B912-B5CD-436F-BFE7-66D78A947DC3}.Debug|Windows-ARM.ActiveCfg = Debug|Any CPU
		{C9A7B912-B5CD-436F-BFE7-66D78A947DC3}.Debug|Windows-ARM.Build.0 = Debug|Any CPU
		{C9A7B912-B5CD-436F-BFE7-66D78A947DC3}.Debug|Windows-x64.ActiveCfg = Debug|Any CPU
		{C9A7B912-B5CD-436F-BFE7-66D78A947DC3}.Debug|Windows-x64.Build.0 = Debug|Any CPU
		{C9A7B912-B5CD-436F-BFE7-66D78A947DC3}.Debug|Windows-x86.ActiveCfg = Debug|Any CPU
		{C9A7B912-B5CD-436F-BFE7-66D78A947DC3}.Debug|Windows-x86.Build.0 = Debug|Any CPU
		{C9A7B912-B5CD-436F-BFE7-66D78A947DC3}.Release|Android.ActiveCfg = Release|Any CPU
		{C9A7B912-B5CD-436F-BFE7-66D78A947DC3}.Release|Android.Build.0 = Release|Any CPU
		{C9A7B912-B5CD-436F-BFE7-66D78A947DC3}.Release|Any CPU.ActiveCfg = Release|Any CPU
		{C9A7B912-B5CD-436F-BFE7-66D78A947DC3}.Release|Any CPU.Build.0 = Release|Any CPU
		{C9A7B912-B5CD-436F-BFE7-66D78A947DC3}.Release|iOS.ActiveCfg = Release|Any CPU
		{C9A7B912-B5CD-436F-BFE7-66D78A947DC3}.Release|iOS.Build.0 = Release|Any CPU
		{C9A7B912-B5CD-436F-BFE7-66D78A947DC3}.Release|Windows Phone (Universal).ActiveCfg = Release|Any CPU
		{C9A7B912-B5CD-436F-BFE7-66D78A947DC3}.Release|Windows Phone (Universal).Build.0 = Release|Any CPU
		{C9A7B912-B5CD-436F-BFE7-66D78A947DC3}.Release|Windows Phone 8.ActiveCfg = Release|Any CPU
		{C9A7B912-B5CD-436F-BFE7-66D78A947DC3}.Release|Windows Phone 8.Build.0 = Release|Any CPU
		{C9A7B912-B5CD-436F-BFE7-66D78A947DC3}.Release|Windows-AnyCPU.ActiveCfg = Release|Any CPU
		{C9A7B912-B5CD-436F-BFE7-66D78A947DC3}.Release|Windows-AnyCPU.Build.0 = Release|Any CPU
		{C9A7B912-B5CD-436F-BFE7-66D78A947DC3}.Release|Windows-ARM.ActiveCfg = Release|Any CPU
		{C9A7B912-B5CD-436F-BFE7-66D78A947DC3}.Release|Windows-ARM.Build.0 = Release|Any CPU
		{C9A7B912-B5CD-436F-BFE7-66D78A947DC3}.Release|Windows-x64.ActiveCfg = Release|Any CPU
		{C9A7B912-B5CD-436F-BFE7-66D78A947DC3}.Release|Windows-x64.Build.0 = Release|Any CPU
		{C9A7B912-B5CD-436F-BFE7-66D78A947DC3}.Release|Windows-x86.ActiveCfg = Release|Any CPU
		{C9A7B912-B5CD-436F-BFE7-66D78A947DC3}.Release|Windows-x86.Build.0 = Release|Any CPU
		{9FAEA2B6-547A-4CFA-A16A-750421952430}.Debug|Android.ActiveCfg = Debug|Any CPU
		{9FAEA2B6-547A-4CFA-A16A-750421952430}.Debug|Android.Build.0 = Debug|Any CPU
		{9FAEA2B6-547A-4CFA-A16A-750421952430}.Debug|Any CPU.ActiveCfg = Debug|Any CPU
		{9FAEA2B6-547A-4CFA-A16A-750421952430}.Debug|Any CPU.Build.0 = Debug|Any CPU
		{9FAEA2B6-547A-4CFA-A16A-750421952430}.Debug|iOS.ActiveCfg = Debug|Any CPU
		{9FAEA2B6-547A-4CFA-A16A-750421952430}.Debug|iOS.Build.0 = Debug|Any CPU
		{9FAEA2B6-547A-4CFA-A16A-750421952430}.Debug|Windows Phone (Universal).ActiveCfg = Debug|Any CPU
		{9FAEA2B6-547A-4CFA-A16A-750421952430}.Debug|Windows Phone (Universal).Build.0 = Debug|Any CPU
		{9FAEA2B6-547A-4CFA-A16A-750421952430}.Debug|Windows Phone 8.ActiveCfg = Debug|Any CPU
		{9FAEA2B6-547A-4CFA-A16A-750421952430}.Debug|Windows Phone 8.Build.0 = Debug|Any CPU
		{9FAEA2B6-547A-4CFA-A16A-750421952430}.Debug|Windows-AnyCPU.ActiveCfg = Debug|Any CPU
		{9FAEA2B6-547A-4CFA-A16A-750421952430}.Debug|Windows-AnyCPU.Build.0 = Debug|Any CPU
		{9FAEA2B6-547A-4CFA-A16A-750421952430}.Debug|Windows-ARM.ActiveCfg = Debug|Any CPU
		{9FAEA2B6-547A-4CFA-A16A-750421952430}.Debug|Windows-ARM.Build.0 = Debug|Any CPU
		{9FAEA2B6-547A-4CFA-A16A-750421952430}.Debug|Windows-x64.ActiveCfg = Debug|Any CPU
		{9FAEA2B6-547A-4CFA-A16A-750421952430}.Debug|Windows-x64.Build.0 = Debug|Any CPU
		{9FAEA2B6-547A-4CFA-A16A-750421952430}.Debug|Windows-x86.ActiveCfg = Debug|Any CPU
		{9FAEA2B6-547A-4CFA-A16A-750421952430}.Debug|Windows-x86.Build.0 = Debug|Any CPU
		{9FAEA2B6-547A-4CFA-A16A-750421952430}.Release|Android.ActiveCfg = Release|Any CPU
		{9FAEA2B6-547A-4CFA-A16A-750421952430}.Release|Android.Build.0 = Release|Any CPU
		{9FAEA2B6-547A-4CFA-A16A-750421952430}.Release|Any CPU.ActiveCfg = Release|Any CPU
		{9FAEA2B6-547A-4CFA-A16A-750421952430}.Release|Any CPU.Build.0 = Release|Any CPU
		{9FAEA2B6-547A-4CFA-A16A-750421952430}.Release|iOS.ActiveCfg = Release|Any CPU
		{9FAEA2B6-547A-4CFA-A16A-750421952430}.Release|iOS.Build.0 = Release|Any CPU
		{9FAEA2B6-547A-4CFA-A16A-750421952430}.Release|Windows Phone (Universal).ActiveCfg = Release|Any CPU
		{9FAEA2B6-547A-4CFA-A16A-750421952430}.Release|Windows Phone (Universal).Build.0 = Release|Any CPU
		{9FAEA2B6-547A-4CFA-A16A-750421952430}.Release|Windows Phone 8.ActiveCfg = Release|Any CPU
		{9FAEA2B6-547A-4CFA-A16A-750421952430}.Release|Windows Phone 8.Build.0 = Release|Any CPU
		{9FAEA2B6-547A-4CFA-A16A-750421952430}.Release|Windows-AnyCPU.ActiveCfg = Release|Any CPU
		{9FAEA2B6-547A-4CFA-A16A-750421952430}.Release|Windows-AnyCPU.Build.0 = Release|Any CPU
		{9FAEA2B6-547A-4CFA-A16A-750421952430}.Release|Windows-ARM.ActiveCfg = Release|Any CPU
		{9FAEA2B6-547A-4CFA-A16A-750421952430}.Release|Windows-ARM.Build.0 = Release|Any CPU
		{9FAEA2B6-547A-4CFA-A16A-750421952430}.Release|Windows-x64.ActiveCfg = Release|Any CPU
		{9FAEA2B6-547A-4CFA-A16A-750421952430}.Release|Windows-x64.Build.0 = Release|Any CPU
		{9FAEA2B6-547A-4CFA-A16A-750421952430}.Release|Windows-x86.ActiveCfg = Release|Any CPU
		{9FAEA2B6-547A-4CFA-A16A-750421952430}.Release|Windows-x86.Build.0 = Release|Any CPU
		{9C6A6F69-E9BA-4907-BAEE-F8A5B4AB222D}.Debug|Android.ActiveCfg = Debug|Any CPU
		{9C6A6F69-E9BA-4907-BAEE-F8A5B4AB222D}.Debug|Android.Build.0 = Debug|Any CPU
		{9C6A6F69-E9BA-4907-BAEE-F8A5B4AB222D}.Debug|Any CPU.ActiveCfg = Debug|Any CPU
		{9C6A6F69-E9BA-4907-BAEE-F8A5B4AB222D}.Debug|Any CPU.Build.0 = Debug|Any CPU
		{9C6A6F69-E9BA-4907-BAEE-F8A5B4AB222D}.Debug|iOS.ActiveCfg = Debug|Any CPU
		{9C6A6F69-E9BA-4907-BAEE-F8A5B4AB222D}.Debug|iOS.Build.0 = Debug|Any CPU
		{9C6A6F69-E9BA-4907-BAEE-F8A5B4AB222D}.Debug|Windows Phone (Universal).ActiveCfg = Debug|Any CPU
		{9C6A6F69-E9BA-4907-BAEE-F8A5B4AB222D}.Debug|Windows Phone (Universal).Build.0 = Debug|Any CPU
		{9C6A6F69-E9BA-4907-BAEE-F8A5B4AB222D}.Debug|Windows Phone 8.ActiveCfg = Debug|Any CPU
		{9C6A6F69-E9BA-4907-BAEE-F8A5B4AB222D}.Debug|Windows Phone 8.Build.0 = Debug|Any CPU
		{9C6A6F69-E9BA-4907-BAEE-F8A5B4AB222D}.Debug|Windows-AnyCPU.ActiveCfg = Debug|Any CPU
		{9C6A6F69-E9BA-4907-BAEE-F8A5B4AB222D}.Debug|Windows-AnyCPU.Build.0 = Debug|Any CPU
		{9C6A6F69-E9BA-4907-BAEE-F8A5B4AB222D}.Debug|Windows-ARM.ActiveCfg = Debug|Any CPU
		{9C6A6F69-E9BA-4907-BAEE-F8A5B4AB222D}.Debug|Windows-ARM.Build.0 = Debug|Any CPU
		{9C6A6F69-E9BA-4907-BAEE-F8A5B4AB222D}.Debug|Windows-x64.ActiveCfg = Debug|Any CPU
		{9C6A6F69-E9BA-4907-BAEE-F8A5B4AB222D}.Debug|Windows-x64.Build.0 = Debug|Any CPU
		{9C6A6F69-E9BA-4907-BAEE-F8A5B4AB222D}.Debug|Windows-x86.ActiveCfg = Debug|Any CPU
		{9C6A6F69-E9BA-4907-BAEE-F8A5B4AB222D}.Debug|Windows-x86.Build.0 = Debug|Any CPU
		{9C6A6F69-E9BA-4907-BAEE-F8A5B4AB222D}.Release|Android.ActiveCfg = Release|Any CPU
		{9C6A6F69-E9BA-4907-BAEE-F8A5B4AB222D}.Release|Android.Build.0 = Release|Any CPU
		{9C6A6F69-E9BA-4907-BAEE-F8A5B4AB222D}.Release|Any CPU.ActiveCfg = Release|Any CPU
		{9C6A6F69-E9BA-4907-BAEE-F8A5B4AB222D}.Release|Any CPU.Build.0 = Release|Any CPU
		{9C6A6F69-E9BA-4907-BAEE-F8A5B4AB222D}.Release|iOS.ActiveCfg = Release|Any CPU
		{9C6A6F69-E9BA-4907-BAEE-F8A5B4AB222D}.Release|iOS.Build.0 = Release|Any CPU
		{9C6A6F69-E9BA-4907-BAEE-F8A5B4AB222D}.Release|Windows Phone (Universal).ActiveCfg = Release|Any CPU
		{9C6A6F69-E9BA-4907-BAEE-F8A5B4AB222D}.Release|Windows Phone (Universal).Build.0 = Release|Any CPU
		{9C6A6F69-E9BA-4907-BAEE-F8A5B4AB222D}.Release|Windows Phone 8.ActiveCfg = Release|Any CPU
		{9C6A6F69-E9BA-4907-BAEE-F8A5B4AB222D}.Release|Windows Phone 8.Build.0 = Release|Any CPU
		{9C6A6F69-E9BA-4907-BAEE-F8A5B4AB222D}.Release|Windows-AnyCPU.ActiveCfg = Release|Any CPU
		{9C6A6F69-E9BA-4907-BAEE-F8A5B4AB222D}.Release|Windows-AnyCPU.Build.0 = Release|Any CPU
		{9C6A6F69-E9BA-4907-BAEE-F8A5B4AB222D}.Release|Windows-ARM.ActiveCfg = Release|Any CPU
		{9C6A6F69-E9BA-4907-BAEE-F8A5B4AB222D}.Release|Windows-ARM.Build.0 = Release|Any CPU
		{9C6A6F69-E9BA-4907-BAEE-F8A5B4AB222D}.Release|Windows-x64.ActiveCfg = Release|Any CPU
		{9C6A6F69-E9BA-4907-BAEE-F8A5B4AB222D}.Release|Windows-x64.Build.0 = Release|Any CPU
		{9C6A6F69-E9BA-4907-BAEE-F8A5B4AB222D}.Release|Windows-x86.ActiveCfg = Release|Any CPU
		{9C6A6F69-E9BA-4907-BAEE-F8A5B4AB222D}.Release|Windows-x86.Build.0 = Release|Any CPU
		{C00C8684-5D18-49AD-B87A-A59F35D7C637}.Debug|Android.ActiveCfg = Debug|Any CPU
		{C00C8684-5D18-49AD-B87A-A59F35D7C637}.Debug|Android.Build.0 = Debug|Any CPU
		{C00C8684-5D18-49AD-B87A-A59F35D7C637}.Debug|Any CPU.ActiveCfg = Debug|Any CPU
		{C00C8684-5D18-49AD-B87A-A59F35D7C637}.Debug|Any CPU.Build.0 = Debug|Any CPU
		{C00C8684-5D18-49AD-B87A-A59F35D7C637}.Debug|iOS.ActiveCfg = Debug|Any CPU
		{C00C8684-5D18-49AD-B87A-A59F35D7C637}.Debug|iOS.Build.0 = Debug|Any CPU
		{C00C8684-5D18-49AD-B87A-A59F35D7C637}.Debug|Windows Phone (Universal).ActiveCfg = Debug|Any CPU
		{C00C8684-5D18-49AD-B87A-A59F35D7C637}.Debug|Windows Phone (Universal).Build.0 = Debug|Any CPU
		{C00C8684-5D18-49AD-B87A-A59F35D7C637}.Debug|Windows Phone 8.ActiveCfg = Debug|Any CPU
		{C00C8684-5D18-49AD-B87A-A59F35D7C637}.Debug|Windows Phone 8.Build.0 = Debug|Any CPU
		{C00C8684-5D18-49AD-B87A-A59F35D7C637}.Debug|Windows-AnyCPU.ActiveCfg = Debug|Any CPU
		{C00C8684-5D18-49AD-B87A-A59F35D7C637}.Debug|Windows-AnyCPU.Build.0 = Debug|Any CPU
		{C00C8684-5D18-49AD-B87A-A59F35D7C637}.Debug|Windows-ARM.ActiveCfg = Debug|Any CPU
		{C00C8684-5D18-49AD-B87A-A59F35D7C637}.Debug|Windows-ARM.Build.0 = Debug|Any CPU
		{C00C8684-5D18-49AD-B87A-A59F35D7C637}.Debug|Windows-x64.ActiveCfg = Debug|Any CPU
		{C00C8684-5D18-49AD-B87A-A59F35D7C637}.Debug|Windows-x64.Build.0 = Debug|Any CPU
		{C00C8684-5D18-49AD-B87A-A59F35D7C637}.Debug|Windows-x86.ActiveCfg = Debug|Any CPU
		{C00C8684-5D18-49AD-B87A-A59F35D7C637}.Debug|Windows-x86.Build.0 = Debug|Any CPU
		{C00C8684-5D18-49AD-B87A-A59F35D7C637}.Release|Android.ActiveCfg = Release|Any CPU
		{C00C8684-5D18-49AD-B87A-A59F35D7C637}.Release|Android.Build.0 = Release|Any CPU
		{C00C8684-5D18-49AD-B87A-A59F35D7C637}.Release|Any CPU.ActiveCfg = Release|Any CPU
		{C00C8684-5D18-49AD-B87A-A59F35D7C637}.Release|Any CPU.Build.0 = Release|Any CPU
		{C00C8684-5D18-49AD-B87A-A59F35D7C637}.Release|iOS.ActiveCfg = Release|Any CPU
		{C00C8684-5D18-49AD-B87A-A59F35D7C637}.Release|iOS.Build.0 = Release|Any CPU
		{C00C8684-5D18-49AD-B87A-A59F35D7C637}.Release|Windows Phone (Universal).ActiveCfg = Release|Any CPU
		{C00C8684-5D18-49AD-B87A-A59F35D7C637}.Release|Windows Phone (Universal).Build.0 = Release|Any CPU
		{C00C8684-5D18-49AD-B87A-A59F35D7C637}.Release|Windows Phone 8.ActiveCfg = Release|Any CPU
		{C00C8684-5D18-49AD-B87A-A59F35D7C637}.Release|Windows Phone 8.Build.0 = Release|Any CPU
		{C00C8684-5D18-49AD-B87A-A59F35D7C637}.Release|Windows-AnyCPU.ActiveCfg = Release|Any CPU
		{C00C8684-5D18-49AD-B87A-A59F35D7C637}.Release|Windows-AnyCPU.Build.0 = Release|Any CPU
		{C00C8684-5D18-49AD-B87A-A59F35D7C637}.Release|Windows-ARM.ActiveCfg = Release|Any CPU
		{C00C8684-5D18-49AD-B87A-A59F35D7C637}.Release|Windows-ARM.Build.0 = Release|Any CPU
		{C00C8684-5D18-49AD-B87A-A59F35D7C637}.Release|Windows-x64.ActiveCfg = Release|Any CPU
		{C00C8684-5D18-49AD-B87A-A59F35D7C637}.Release|Windows-x64.Build.0 = Release|Any CPU
		{C00C8684-5D18-49AD-B87A-A59F35D7C637}.Release|Windows-x86.ActiveCfg = Release|Any CPU
		{C00C8684-5D18-49AD-B87A-A59F35D7C637}.Release|Windows-x86.Build.0 = Release|Any CPU
		{ACBFEAEC-9512-4F10-9389-55704F5C552F}.Debug|Android.ActiveCfg = Debug|Any CPU
		{ACBFEAEC-9512-4F10-9389-55704F5C552F}.Debug|Android.Build.0 = Debug|Any CPU
		{ACBFEAEC-9512-4F10-9389-55704F5C552F}.Debug|Any CPU.ActiveCfg = Debug|Any CPU
		{ACBFEAEC-9512-4F10-9389-55704F5C552F}.Debug|Any CPU.Build.0 = Debug|Any CPU
		{ACBFEAEC-9512-4F10-9389-55704F5C552F}.Debug|iOS.ActiveCfg = Debug|Any CPU
		{ACBFEAEC-9512-4F10-9389-55704F5C552F}.Debug|iOS.Build.0 = Debug|Any CPU
		{ACBFEAEC-9512-4F10-9389-55704F5C552F}.Debug|Windows Phone (Universal).ActiveCfg = Debug|Any CPU
		{ACBFEAEC-9512-4F10-9389-55704F5C552F}.Debug|Windows Phone (Universal).Build.0 = Debug|Any CPU
		{ACBFEAEC-9512-4F10-9389-55704F5C552F}.Debug|Windows Phone 8.ActiveCfg = Debug|Any CPU
		{ACBFEAEC-9512-4F10-9389-55704F5C552F}.Debug|Windows Phone 8.Build.0 = Debug|Any CPU
		{ACBFEAEC-9512-4F10-9389-55704F5C552F}.Debug|Windows-AnyCPU.ActiveCfg = Debug|Any CPU
		{ACBFEAEC-9512-4F10-9389-55704F5C552F}.Debug|Windows-AnyCPU.Build.0 = Debug|Any CPU
		{ACBFEAEC-9512-4F10-9389-55704F5C552F}.Debug|Windows-ARM.ActiveCfg = Debug|Any CPU
		{ACBFEAEC-9512-4F10-9389-55704F5C552F}.Debug|Windows-ARM.Build.0 = Debug|Any CPU
		{ACBFEAEC-9512-4F10-9389-55704F5C552F}.Debug|Windows-x64.ActiveCfg = Debug|Any CPU
		{ACBFEAEC-9512-4F10-9389-55704F5C552F}.Debug|Windows-x64.Build.0 = Debug|Any CPU
		{ACBFEAEC-9512-4F10-9389-55704F5C552F}.Debug|Windows-x86.ActiveCfg = Debug|Any CPU
		{ACBFEAEC-9512-4F10-9389-55704F5C552F}.Debug|Windows-x86.Build.0 = Debug|Any CPU
		{ACBFEAEC-9512-4F10-9389-55704F5C552F}.Release|Android.ActiveCfg = Release|Any CPU
		{ACBFEAEC-9512-4F10-9389-55704F5C552F}.Release|Android.Build.0 = Release|Any CPU
		{ACBFEAEC-9512-4F10-9389-55704F5C552F}.Release|Any CPU.ActiveCfg = Release|Any CPU
		{ACBFEAEC-9512-4F10-9389-55704F5C552F}.Release|Any CPU.Build.0 = Release|Any CPU
		{ACBFEAEC-9512-4F10-9389-55704F5C552F}.Release|iOS.ActiveCfg = Release|Any CPU
		{ACBFEAEC-9512-4F10-9389-55704F5C552F}.Release|iOS.Build.0 = Release|Any CPU
		{ACBFEAEC-9512-4F10-9389-55704F5C552F}.Release|Windows Phone (Universal).ActiveCfg = Release|Any CPU
		{ACBFEAEC-9512-4F10-9389-55704F5C552F}.Release|Windows Phone (Universal).Build.0 = Release|Any CPU
		{ACBFEAEC-9512-4F10-9389-55704F5C552F}.Release|Windows Phone 8.ActiveCfg = Release|Any CPU
		{ACBFEAEC-9512-4F10-9389-55704F5C552F}.Release|Windows Phone 8.Build.0 = Release|Any CPU
		{ACBFEAEC-9512-4F10-9389-55704F5C552F}.Release|Windows-AnyCPU.ActiveCfg = Release|Any CPU
		{ACBFEAEC-9512-4F10-9389-55704F5C552F}.Release|Windows-AnyCPU.Build.0 = Release|Any CPU
		{ACBFEAEC-9512-4F10-9389-55704F5C552F}.Release|Windows-ARM.ActiveCfg = Release|Any CPU
		{ACBFEAEC-9512-4F10-9389-55704F5C552F}.Release|Windows-ARM.Build.0 = Release|Any CPU
		{ACBFEAEC-9512-4F10-9389-55704F5C552F}.Release|Windows-x64.ActiveCfg = Release|Any CPU
		{ACBFEAEC-9512-4F10-9389-55704F5C552F}.Release|Windows-x64.Build.0 = Release|Any CPU
		{ACBFEAEC-9512-4F10-9389-55704F5C552F}.Release|Windows-x86.ActiveCfg = Release|Any CPU
		{ACBFEAEC-9512-4F10-9389-55704F5C552F}.Release|Windows-x86.Build.0 = Release|Any CPU
		{9BEB9D68-0FC1-4A86-8EC7-15F36BDBE829}.Debug|Android.ActiveCfg = Debug|Any CPU
		{9BEB9D68-0FC1-4A86-8EC7-15F36BDBE829}.Debug|Android.Build.0 = Debug|Any CPU
		{9BEB9D68-0FC1-4A86-8EC7-15F36BDBE829}.Debug|Any CPU.ActiveCfg = Debug|Any CPU
		{9BEB9D68-0FC1-4A86-8EC7-15F36BDBE829}.Debug|Any CPU.Build.0 = Debug|Any CPU
		{9BEB9D68-0FC1-4A86-8EC7-15F36BDBE829}.Debug|iOS.ActiveCfg = Debug|Any CPU
		{9BEB9D68-0FC1-4A86-8EC7-15F36BDBE829}.Debug|iOS.Build.0 = Debug|Any CPU
		{9BEB9D68-0FC1-4A86-8EC7-15F36BDBE829}.Debug|Windows Phone (Universal).ActiveCfg = Debug|Any CPU
		{9BEB9D68-0FC1-4A86-8EC7-15F36BDBE829}.Debug|Windows Phone (Universal).Build.0 = Debug|Any CPU
		{9BEB9D68-0FC1-4A86-8EC7-15F36BDBE829}.Debug|Windows Phone 8.ActiveCfg = Debug|Any CPU
		{9BEB9D68-0FC1-4A86-8EC7-15F36BDBE829}.Debug|Windows Phone 8.Build.0 = Debug|Any CPU
		{9BEB9D68-0FC1-4A86-8EC7-15F36BDBE829}.Debug|Windows-AnyCPU.ActiveCfg = Debug|Any CPU
		{9BEB9D68-0FC1-4A86-8EC7-15F36BDBE829}.Debug|Windows-AnyCPU.Build.0 = Debug|Any CPU
		{9BEB9D68-0FC1-4A86-8EC7-15F36BDBE829}.Debug|Windows-ARM.ActiveCfg = Debug|Any CPU
		{9BEB9D68-0FC1-4A86-8EC7-15F36BDBE829}.Debug|Windows-ARM.Build.0 = Debug|Any CPU
		{9BEB9D68-0FC1-4A86-8EC7-15F36BDBE829}.Debug|Windows-x64.ActiveCfg = Debug|Any CPU
		{9BEB9D68-0FC1-4A86-8EC7-15F36BDBE829}.Debug|Windows-x64.Build.0 = Debug|Any CPU
		{9BEB9D68-0FC1-4A86-8EC7-15F36BDBE829}.Debug|Windows-x86.ActiveCfg = Debug|Any CPU
		{9BEB9D68-0FC1-4A86-8EC7-15F36BDBE829}.Debug|Windows-x86.Build.0 = Debug|Any CPU
		{9BEB9D68-0FC1-4A86-8EC7-15F36BDBE829}.Release|Android.ActiveCfg = Release|Any CPU
		{9BEB9D68-0FC1-4A86-8EC7-15F36BDBE829}.Release|Android.Build.0 = Release|Any CPU
		{9BEB9D68-0FC1-4A86-8EC7-15F36BDBE829}.Release|Any CPU.ActiveCfg = Release|Any CPU
		{9BEB9D68-0FC1-4A86-8EC7-15F36BDBE829}.Release|Any CPU.Build.0 = Release|Any CPU
		{9BEB9D68-0FC1-4A86-8EC7-15F36BDBE829}.Release|iOS.ActiveCfg = Release|Any CPU
		{9BEB9D68-0FC1-4A86-8EC7-15F36BDBE829}.Release|iOS.Build.0 = Release|Any CPU
		{9BEB9D68-0FC1-4A86-8EC7-15F36BDBE829}.Release|Windows Phone (Universal).ActiveCfg = Release|Any CPU
		{9BEB9D68-0FC1-4A86-8EC7-15F36BDBE829}.Release|Windows Phone (Universal).Build.0 = Release|Any CPU
		{9BEB9D68-0FC1-4A86-8EC7-15F36BDBE829}.Release|Windows Phone 8.ActiveCfg = Release|Any CPU
		{9BEB9D68-0FC1-4A86-8EC7-15F36BDBE829}.Release|Windows Phone 8.Build.0 = Release|Any CPU
		{9BEB9D68-0FC1-4A86-8EC7-15F36BDBE829}.Release|Windows-AnyCPU.ActiveCfg = Release|Any CPU
		{9BEB9D68-0FC1-4A86-8EC7-15F36BDBE829}.Release|Windows-AnyCPU.Build.0 = Release|Any CPU
		{9BEB9D68-0FC1-4A86-8EC7-15F36BDBE829}.Release|Windows-ARM.ActiveCfg = Release|Any CPU
		{9BEB9D68-0FC1-4A86-8EC7-15F36BDBE829}.Release|Windows-ARM.Build.0 = Release|Any CPU
		{9BEB9D68-0FC1-4A86-8EC7-15F36BDBE829}.Release|Windows-x64.ActiveCfg = Release|Any CPU
		{9BEB9D68-0FC1-4A86-8EC7-15F36BDBE829}.Release|Windows-x64.Build.0 = Release|Any CPU
		{9BEB9D68-0FC1-4A86-8EC7-15F36BDBE829}.Release|Windows-x86.ActiveCfg = Release|Any CPU
		{9BEB9D68-0FC1-4A86-8EC7-15F36BDBE829}.Release|Windows-x86.Build.0 = Release|Any CPU
	EndGlobalSection
	GlobalSection(SolutionProperties) = preSolution
		HideSolutionNode = FALSE
	EndGlobalSection
EndGlobal
